// !$*UTF8*$!
{
	archiveVersion = 1;
	classes = {
	};
	objectVersion = 56;
	objects = {

/* Begin PBXBuildFile section */
		D659B2702AC2C02E0082E34B /* AppDelegate.swift in Sources */ = {isa = PBXBuildFile; fileRef = D659B26F2AC2C02E0082E34B /* AppDelegate.swift */; };
		D659B2722AC2C02E0082E34B /* ViewController.swift in Sources */ = {isa = PBXBuildFile; fileRef = D659B2712AC2C02E0082E34B /* ViewController.swift */; };
		D659B2752AC2C02E0082E34B /* Main.storyboard in Resources */ = {isa = PBXBuildFile; fileRef = D659B2732AC2C02E0082E34B /* Main.storyboard */; };
		D659B2772AC2C02F0082E34B /* Assets.xcassets in Resources */ = {isa = PBXBuildFile; fileRef = D659B2762AC2C02F0082E34B /* Assets.xcassets */; };
		D659B27A2AC2C02F0082E34B /* LaunchScreen.storyboard in Resources */ = {isa = PBXBuildFile; fileRef = D659B2782AC2C02F0082E34B /* LaunchScreen.storyboard */; };
		D659B2852AC2C03B0082E34B /* BackOffice_tvOSUITests.swift in Sources */ = {isa = PBXBuildFile; fileRef = D659B2842AC2C03B0082E34B /* BackOffice_tvOSUITests.swift */; };
		D659B2872AC2C03B0082E34B /* BackOffice_tvOSUITestsLaunchTests.swift in Sources */ = {isa = PBXBuildFile; fileRef = D659B2862AC2C03B0082E34B /* BackOffice_tvOSUITestsLaunchTests.swift */; };
		D66924C92AC6B7F0009276F3 /* BackOffice in Frameworks */ = {isa = PBXBuildFile; productRef = D66924C82AC6B7F0009276F3 /* BackOffice */; };
		D678ACCF2AC2BDDE007D82DB /* AppDelegate.swift in Sources */ = {isa = PBXBuildFile; fileRef = D678ACCE2AC2BDDE007D82DB /* AppDelegate.swift */; };
		D678ACD12AC2BDDE007D82DB /* SceneDelegate.swift in Sources */ = {isa = PBXBuildFile; fileRef = D678ACD02AC2BDDE007D82DB /* SceneDelegate.swift */; };
		D678ACD32AC2BDDE007D82DB /* ViewController.swift in Sources */ = {isa = PBXBuildFile; fileRef = D678ACD22AC2BDDE007D82DB /* ViewController.swift */; };
		D678ACD62AC2BDDE007D82DB /* Main.storyboard in Resources */ = {isa = PBXBuildFile; fileRef = D678ACD42AC2BDDE007D82DB /* Main.storyboard */; };
		D678ACD82AC2BDE1007D82DB /* Assets.xcassets in Resources */ = {isa = PBXBuildFile; fileRef = D678ACD72AC2BDE1007D82DB /* Assets.xcassets */; };
		D678ACDB2AC2BDE1007D82DB /* LaunchScreen.storyboard in Resources */ = {isa = PBXBuildFile; fileRef = D678ACD92AC2BDE1007D82DB /* LaunchScreen.storyboard */; };
		D678ACE72AC2BDFE007D82DB /* BackOffice_ipadOSUITests.swift in Sources */ = {isa = PBXBuildFile; fileRef = D678ACE62AC2BDFE007D82DB /* BackOffice_ipadOSUITests.swift */; };
		D678ACE92AC2BDFE007D82DB /* BackOffice_ipadOSUITestsLaunchTests.swift in Sources */ = {isa = PBXBuildFile; fileRef = D678ACE82AC2BDFE007D82DB /* BackOffice_ipadOSUITestsLaunchTests.swift */; };
		D6BBD8822AC2C150007800D8 /* BackOffice_watchOSApp.swift in Sources */ = {isa = PBXBuildFile; fileRef = D6BBD8812AC2C150007800D8 /* BackOffice_watchOSApp.swift */; };
		D6BBD8842AC2C150007800D8 /* ContentView.swift in Sources */ = {isa = PBXBuildFile; fileRef = D6BBD8832AC2C150007800D8 /* ContentView.swift */; };
		D6BBD8862AC2C152007800D8 /* Assets.xcassets in Resources */ = {isa = PBXBuildFile; fileRef = D6BBD8852AC2C152007800D8 /* Assets.xcassets */; };
		D6BBD8892AC2C152007800D8 /* Preview Assets.xcassets in Resources */ = {isa = PBXBuildFile; fileRef = D6BBD8882AC2C152007800D8 /* Preview Assets.xcassets */; };
		D6BBD8942AC2C1D3007800D8 /* BackOffice_watchOS_Watch_AppUITests.swift in Sources */ = {isa = PBXBuildFile; fileRef = D6BBD8932AC2C1D3007800D8 /* BackOffice_watchOS_Watch_AppUITests.swift */; };
		D6BBD8962AC2C1D3007800D8 /* BackOffice_watchOS_Watch_AppUITestsLaunchTests.swift in Sources */ = {isa = PBXBuildFile; fileRef = D6BBD8952AC2C1D3007800D8 /* BackOffice_watchOS_Watch_AppUITestsLaunchTests.swift */; };
		D6D340392AC24EC200A87A73 /* AppDelegate.swift in Sources */ = {isa = PBXBuildFile; fileRef = D6D340382AC24EC200A87A73 /* AppDelegate.swift */; };
		D6D3403B2AC24EC200A87A73 /* SceneDelegate.swift in Sources */ = {isa = PBXBuildFile; fileRef = D6D3403A2AC24EC200A87A73 /* SceneDelegate.swift */; };
		D6D3403D2AC24EC200A87A73 /* ViewController.swift in Sources */ = {isa = PBXBuildFile; fileRef = D6D3403C2AC24EC200A87A73 /* ViewController.swift */; };
		D6D340402AC24EC200A87A73 /* Main.storyboard in Resources */ = {isa = PBXBuildFile; fileRef = D6D3403E2AC24EC200A87A73 /* Main.storyboard */; };
		D6D340422AC24EC300A87A73 /* Assets.xcassets in Resources */ = {isa = PBXBuildFile; fileRef = D6D340412AC24EC300A87A73 /* Assets.xcassets */; };
		D6D340452AC24EC300A87A73 /* LaunchScreen.storyboard in Resources */ = {isa = PBXBuildFile; fileRef = D6D340432AC24EC300A87A73 /* LaunchScreen.storyboard */; };
		D6D3409B2AC256A700A87A73 /* HexagonalArchitectureTemplateUITests.swift in Sources */ = {isa = PBXBuildFile; fileRef = D6D340592AC24EC400A87A73 /* HexagonalArchitectureTemplateUITests.swift */; };
		D6D3409C2AC256AB00A87A73 /* HexagonalArchitectureTemplateUITestsLaunchTests.swift in Sources */ = {isa = PBXBuildFile; fileRef = D6D3405B2AC24EC400A87A73 /* HexagonalArchitectureTemplateUITestsLaunchTests.swift */; };
		D6D340A82AC25DD500A87A73 /* AppDelegate.swift in Sources */ = {isa = PBXBuildFile; fileRef = D6D340A72AC25DD500A87A73 /* AppDelegate.swift */; };
		D6D340AA2AC25DD500A87A73 /* ViewController.swift in Sources */ = {isa = PBXBuildFile; fileRef = D6D340A92AC25DD500A87A73 /* ViewController.swift */; };
		D6D340AC2AC25DD600A87A73 /* Assets.xcassets in Resources */ = {isa = PBXBuildFile; fileRef = D6D340AB2AC25DD600A87A73 /* Assets.xcassets */; };
		D6D340AF2AC25DD600A87A73 /* Main.storyboard in Resources */ = {isa = PBXBuildFile; fileRef = D6D340AD2AC25DD600A87A73 /* Main.storyboard */; };
		D6D340BB2AC25DE600A87A73 /* BackOffice_macOSUITests.swift in Sources */ = {isa = PBXBuildFile; fileRef = D6D340BA2AC25DE600A87A73 /* BackOffice_macOSUITests.swift */; };
		D6D340BD2AC25DE600A87A73 /* BackOffice_macOSUITestsLaunchTests.swift in Sources */ = {isa = PBXBuildFile; fileRef = D6D340BC2AC25DE600A87A73 /* BackOffice_macOSUITestsLaunchTests.swift */; };
/* End PBXBuildFile section */

/* Begin PBXContainerItemProxy section */
		D659B2882AC2C03B0082E34B /* PBXContainerItemProxy */ = {
			isa = PBXContainerItemProxy;
			containerPortal = D6D3402D2AC24EC200A87A73 /* Project object */;
			proxyType = 1;
			remoteGlobalIDString = D659B26C2AC2C02E0082E34B;
			remoteInfo = "BackOffice-tvOS";
		};
		D678ACEA2AC2BDFE007D82DB /* PBXContainerItemProxy */ = {
			isa = PBXContainerItemProxy;
			containerPortal = D6D3402D2AC24EC200A87A73 /* Project object */;
			proxyType = 1;
			remoteGlobalIDString = D678ACCB2AC2BDDE007D82DB;
			remoteInfo = "BackOffice-ipadOS";
		};
		D6BBD8972AC2C1D3007800D8 /* PBXContainerItemProxy */ = {
			isa = PBXContainerItemProxy;
			containerPortal = D6D3402D2AC24EC200A87A73 /* Project object */;
			proxyType = 1;
			remoteGlobalIDString = D6BBD87E2AC2C150007800D8;
			remoteInfo = "BackOffice-watchOS Watch App";
		};
		D6D3409F2AC25AD400A87A73 /* PBXContainerItemProxy */ = {
			isa = PBXContainerItemProxy;
			containerPortal = D6D3402D2AC24EC200A87A73 /* Project object */;
			proxyType = 1;
			remoteGlobalIDString = D6D340342AC24EC200A87A73;
			remoteInfo = "BackOffice-iOS";
		};
		D6D340BE2AC25DE600A87A73 /* PBXContainerItemProxy */ = {
			isa = PBXContainerItemProxy;
			containerPortal = D6D3402D2AC24EC200A87A73 /* Project object */;
			proxyType = 1;
			remoteGlobalIDString = D6D340A42AC25DD500A87A73;
			remoteInfo = "BackOffice-macOS";
		};
/* End PBXContainerItemProxy section */

/* Begin PBXFileReference section */
		D659B26D2AC2C02E0082E34B /* BackOffice-tvOS.app */ = {isa = PBXFileReference; explicitFileType = wrapper.application; includeInIndex = 0; path = "BackOffice-tvOS.app"; sourceTree = BUILT_PRODUCTS_DIR; };
		D659B26F2AC2C02E0082E34B /* AppDelegate.swift */ = {isa = PBXFileReference; lastKnownFileType = sourcecode.swift; path = AppDelegate.swift; sourceTree = "<group>"; };
		D659B2712AC2C02E0082E34B /* ViewController.swift */ = {isa = PBXFileReference; lastKnownFileType = sourcecode.swift; path = ViewController.swift; sourceTree = "<group>"; };
		D659B2742AC2C02E0082E34B /* Base */ = {isa = PBXFileReference; lastKnownFileType = file.storyboard; name = Base; path = Base.lproj/Main.storyboard; sourceTree = "<group>"; };
		D659B2762AC2C02F0082E34B /* Assets.xcassets */ = {isa = PBXFileReference; lastKnownFileType = folder.assetcatalog; path = Assets.xcassets; sourceTree = "<group>"; };
		D659B2792AC2C02F0082E34B /* Base */ = {isa = PBXFileReference; lastKnownFileType = file.storyboard; name = Base; path = Base.lproj/LaunchScreen.storyboard; sourceTree = "<group>"; };
		D659B2822AC2C03B0082E34B /* BackOffice-tvOSUITests.xctest */ = {isa = PBXFileReference; explicitFileType = wrapper.cfbundle; includeInIndex = 0; path = "BackOffice-tvOSUITests.xctest"; sourceTree = BUILT_PRODUCTS_DIR; };
		D659B2842AC2C03B0082E34B /* BackOffice_tvOSUITests.swift */ = {isa = PBXFileReference; lastKnownFileType = sourcecode.swift; path = BackOffice_tvOSUITests.swift; sourceTree = "<group>"; };
		D659B2862AC2C03B0082E34B /* BackOffice_tvOSUITestsLaunchTests.swift */ = {isa = PBXFileReference; lastKnownFileType = sourcecode.swift; path = BackOffice_tvOSUITestsLaunchTests.swift; sourceTree = "<group>"; };
		D66924C42AC6B6B1009276F3 /* BackOffice */ = {isa = PBXFileReference; lastKnownFileType = wrapper; path = BackOffice; sourceTree = "<group>"; };
		D678ACCC2AC2BDDE007D82DB /* BackOffice-ipadOS.app */ = {isa = PBXFileReference; explicitFileType = wrapper.application; includeInIndex = 0; path = "BackOffice-ipadOS.app"; sourceTree = BUILT_PRODUCTS_DIR; };
		D678ACCE2AC2BDDE007D82DB /* AppDelegate.swift */ = {isa = PBXFileReference; lastKnownFileType = sourcecode.swift; path = AppDelegate.swift; sourceTree = "<group>"; };
		D678ACD02AC2BDDE007D82DB /* SceneDelegate.swift */ = {isa = PBXFileReference; lastKnownFileType = sourcecode.swift; path = SceneDelegate.swift; sourceTree = "<group>"; };
		D678ACD22AC2BDDE007D82DB /* ViewController.swift */ = {isa = PBXFileReference; lastKnownFileType = sourcecode.swift; path = ViewController.swift; sourceTree = "<group>"; };
		D678ACD52AC2BDDE007D82DB /* Base */ = {isa = PBXFileReference; lastKnownFileType = file.storyboard; name = Base; path = Base.lproj/Main.storyboard; sourceTree = "<group>"; };
		D678ACD72AC2BDE1007D82DB /* Assets.xcassets */ = {isa = PBXFileReference; lastKnownFileType = folder.assetcatalog; path = Assets.xcassets; sourceTree = "<group>"; };
		D678ACDA2AC2BDE1007D82DB /* Base */ = {isa = PBXFileReference; lastKnownFileType = file.storyboard; name = Base; path = Base.lproj/LaunchScreen.storyboard; sourceTree = "<group>"; };
		D678ACDC2AC2BDE1007D82DB /* Info.plist */ = {isa = PBXFileReference; lastKnownFileType = text.plist.xml; path = Info.plist; sourceTree = "<group>"; };
		D678ACE42AC2BDFE007D82DB /* BackOffice-ipadOSUITests.xctest */ = {isa = PBXFileReference; explicitFileType = wrapper.cfbundle; includeInIndex = 0; path = "BackOffice-ipadOSUITests.xctest"; sourceTree = BUILT_PRODUCTS_DIR; };
		D678ACE62AC2BDFE007D82DB /* BackOffice_ipadOSUITests.swift */ = {isa = PBXFileReference; lastKnownFileType = sourcecode.swift; path = BackOffice_ipadOSUITests.swift; sourceTree = "<group>"; };
		D678ACE82AC2BDFE007D82DB /* BackOffice_ipadOSUITestsLaunchTests.swift */ = {isa = PBXFileReference; lastKnownFileType = sourcecode.swift; path = BackOffice_ipadOSUITestsLaunchTests.swift; sourceTree = "<group>"; };
		D6BBD87F2AC2C150007800D8 /* BackOffice-watchOS Watch App.app */ = {isa = PBXFileReference; explicitFileType = wrapper.application; includeInIndex = 0; path = "BackOffice-watchOS Watch App.app"; sourceTree = BUILT_PRODUCTS_DIR; };
		D6BBD8812AC2C150007800D8 /* BackOffice_watchOSApp.swift */ = {isa = PBXFileReference; lastKnownFileType = sourcecode.swift; path = BackOffice_watchOSApp.swift; sourceTree = "<group>"; };
		D6BBD8832AC2C150007800D8 /* ContentView.swift */ = {isa = PBXFileReference; lastKnownFileType = sourcecode.swift; path = ContentView.swift; sourceTree = "<group>"; };
		D6BBD8852AC2C152007800D8 /* Assets.xcassets */ = {isa = PBXFileReference; lastKnownFileType = folder.assetcatalog; path = Assets.xcassets; sourceTree = "<group>"; };
		D6BBD8882AC2C152007800D8 /* Preview Assets.xcassets */ = {isa = PBXFileReference; lastKnownFileType = folder.assetcatalog; path = "Preview Assets.xcassets"; sourceTree = "<group>"; };
		D6BBD8912AC2C1D3007800D8 /* BackOffice-watchOS Watch AppUITests.xctest */ = {isa = PBXFileReference; explicitFileType = wrapper.cfbundle; includeInIndex = 0; path = "BackOffice-watchOS Watch AppUITests.xctest"; sourceTree = BUILT_PRODUCTS_DIR; };
		D6BBD8932AC2C1D3007800D8 /* BackOffice_watchOS_Watch_AppUITests.swift */ = {isa = PBXFileReference; lastKnownFileType = sourcecode.swift; path = BackOffice_watchOS_Watch_AppUITests.swift; sourceTree = "<group>"; };
		D6BBD8952AC2C1D3007800D8 /* BackOffice_watchOS_Watch_AppUITestsLaunchTests.swift */ = {isa = PBXFileReference; lastKnownFileType = sourcecode.swift; path = BackOffice_watchOS_Watch_AppUITestsLaunchTests.swift; sourceTree = "<group>"; };
		D6D340352AC24EC200A87A73 /* BackOffice-iOS.app */ = {isa = PBXFileReference; explicitFileType = wrapper.application; includeInIndex = 0; path = "BackOffice-iOS.app"; sourceTree = BUILT_PRODUCTS_DIR; };
		D6D340382AC24EC200A87A73 /* AppDelegate.swift */ = {isa = PBXFileReference; lastKnownFileType = sourcecode.swift; path = AppDelegate.swift; sourceTree = "<group>"; };
		D6D3403A2AC24EC200A87A73 /* SceneDelegate.swift */ = {isa = PBXFileReference; lastKnownFileType = sourcecode.swift; path = SceneDelegate.swift; sourceTree = "<group>"; };
		D6D3403C2AC24EC200A87A73 /* ViewController.swift */ = {isa = PBXFileReference; lastKnownFileType = sourcecode.swift; path = ViewController.swift; sourceTree = "<group>"; };
		D6D3403F2AC24EC200A87A73 /* Base */ = {isa = PBXFileReference; lastKnownFileType = file.storyboard; name = Base; path = Base.lproj/Main.storyboard; sourceTree = "<group>"; };
		D6D340412AC24EC300A87A73 /* Assets.xcassets */ = {isa = PBXFileReference; lastKnownFileType = folder.assetcatalog; path = Assets.xcassets; sourceTree = "<group>"; };
		D6D340442AC24EC300A87A73 /* Base */ = {isa = PBXFileReference; lastKnownFileType = file.storyboard; name = Base; path = Base.lproj/LaunchScreen.storyboard; sourceTree = "<group>"; };
		D6D340462AC24EC300A87A73 /* Info.plist */ = {isa = PBXFileReference; lastKnownFileType = text.plist.xml; path = Info.plist; sourceTree = "<group>"; };
		D6D340552AC24EC400A87A73 /* BackOffice-iOS-UI-Tests.xctest */ = {isa = PBXFileReference; explicitFileType = wrapper.cfbundle; includeInIndex = 0; path = "BackOffice-iOS-UI-Tests.xctest"; sourceTree = BUILT_PRODUCTS_DIR; };
		D6D340592AC24EC400A87A73 /* HexagonalArchitectureTemplateUITests.swift */ = {isa = PBXFileReference; lastKnownFileType = sourcecode.swift; path = HexagonalArchitectureTemplateUITests.swift; sourceTree = "<group>"; };
		D6D3405B2AC24EC400A87A73 /* HexagonalArchitectureTemplateUITestsLaunchTests.swift */ = {isa = PBXFileReference; lastKnownFileType = sourcecode.swift; path = HexagonalArchitectureTemplateUITestsLaunchTests.swift; sourceTree = "<group>"; };
		D6D340A52AC25DD500A87A73 /* BackOffice-macOS.app */ = {isa = PBXFileReference; explicitFileType = wrapper.application; includeInIndex = 0; path = "BackOffice-macOS.app"; sourceTree = BUILT_PRODUCTS_DIR; };
		D6D340A72AC25DD500A87A73 /* AppDelegate.swift */ = {isa = PBXFileReference; lastKnownFileType = sourcecode.swift; path = AppDelegate.swift; sourceTree = "<group>"; };
		D6D340A92AC25DD500A87A73 /* ViewController.swift */ = {isa = PBXFileReference; lastKnownFileType = sourcecode.swift; path = ViewController.swift; sourceTree = "<group>"; };
		D6D340AB2AC25DD600A87A73 /* Assets.xcassets */ = {isa = PBXFileReference; lastKnownFileType = folder.assetcatalog; path = Assets.xcassets; sourceTree = "<group>"; };
		D6D340AE2AC25DD600A87A73 /* Base */ = {isa = PBXFileReference; lastKnownFileType = file.storyboard; name = Base; path = Base.lproj/Main.storyboard; sourceTree = "<group>"; };
		D6D340B02AC25DD600A87A73 /* BackOffice_macOS.entitlements */ = {isa = PBXFileReference; lastKnownFileType = text.plist.entitlements; path = BackOffice_macOS.entitlements; sourceTree = "<group>"; };
		D6D340B82AC25DE600A87A73 /* BackOffice-macOSUITests.xctest */ = {isa = PBXFileReference; explicitFileType = wrapper.cfbundle; includeInIndex = 0; path = "BackOffice-macOSUITests.xctest"; sourceTree = BUILT_PRODUCTS_DIR; };
		D6D340BA2AC25DE600A87A73 /* BackOffice_macOSUITests.swift */ = {isa = PBXFileReference; lastKnownFileType = sourcecode.swift; path = BackOffice_macOSUITests.swift; sourceTree = "<group>"; };
		D6D340BC2AC25DE600A87A73 /* BackOffice_macOSUITestsLaunchTests.swift */ = {isa = PBXFileReference; lastKnownFileType = sourcecode.swift; path = BackOffice_macOSUITestsLaunchTests.swift; sourceTree = "<group>"; };
/* End PBXFileReference section */

/* Begin PBXFrameworksBuildPhase section */
		D659B26A2AC2C02E0082E34B /* Frameworks */ = {
			isa = PBXFrameworksBuildPhase;
			buildActionMask = 2147483647;
			files = (
			);
			runOnlyForDeploymentPostprocessing = 0;
		};
		D659B27F2AC2C03B0082E34B /* Frameworks */ = {
			isa = PBXFrameworksBuildPhase;
			buildActionMask = 2147483647;
			files = (
			);
			runOnlyForDeploymentPostprocessing = 0;
		};
		D678ACC92AC2BDDE007D82DB /* Frameworks */ = {
			isa = PBXFrameworksBuildPhase;
			buildActionMask = 2147483647;
			files = (
			);
			runOnlyForDeploymentPostprocessing = 0;
		};
		D678ACE12AC2BDFE007D82DB /* Frameworks */ = {
			isa = PBXFrameworksBuildPhase;
			buildActionMask = 2147483647;
			files = (
			);
			runOnlyForDeploymentPostprocessing = 0;
		};
		D6BBD87C2AC2C150007800D8 /* Frameworks */ = {
			isa = PBXFrameworksBuildPhase;
			buildActionMask = 2147483647;
			files = (
			);
			runOnlyForDeploymentPostprocessing = 0;
		};
		D6BBD88E2AC2C1D3007800D8 /* Frameworks */ = {
			isa = PBXFrameworksBuildPhase;
			buildActionMask = 2147483647;
			files = (
			);
			runOnlyForDeploymentPostprocessing = 0;
		};
		D6D340322AC24EC200A87A73 /* Frameworks */ = {
			isa = PBXFrameworksBuildPhase;
			buildActionMask = 2147483647;
			files = (
				D66924C92AC6B7F0009276F3 /* BackOffice in Frameworks */,
			);
			runOnlyForDeploymentPostprocessing = 0;
		};
		D6D340522AC24EC400A87A73 /* Frameworks */ = {
			isa = PBXFrameworksBuildPhase;
			buildActionMask = 2147483647;
			files = (
			);
			runOnlyForDeploymentPostprocessing = 0;
		};
		D6D340A22AC25DD500A87A73 /* Frameworks */ = {
			isa = PBXFrameworksBuildPhase;
			buildActionMask = 2147483647;
			files = (
			);
			runOnlyForDeploymentPostprocessing = 0;
		};
		D6D340B52AC25DE600A87A73 /* Frameworks */ = {
			isa = PBXFrameworksBuildPhase;
			buildActionMask = 2147483647;
			files = (
			);
			runOnlyForDeploymentPostprocessing = 0;
		};
/* End PBXFrameworksBuildPhase section */

/* Begin PBXGroup section */
		D66924C72AC6B7F0009276F3 /* Frameworks */ = {
			isa = PBXGroup;
			children = (
			);
			name = Frameworks;
			sourceTree = "<group>";
		};
		D6BBD8872AC2C152007800D8 /* Preview Content */ = {
			isa = PBXGroup;
			children = (
				D6BBD8882AC2C152007800D8 /* Preview Assets.xcassets */,
			);
			path = "Preview Content";
			sourceTree = "<group>";
		};
		D6D3402C2AC24EC200A87A73 = {
			isa = PBXGroup;
			children = (
				D6D340682AC24EFB00A87A73 /* apps */,
				D6D340692AC24F0000A87A73 /* src */,
				D6D340362AC24EC200A87A73 /* Products */,
				D66924C72AC6B7F0009276F3 /* Frameworks */,
			);
			sourceTree = "<group>";
		};
		D6D340362AC24EC200A87A73 /* Products */ = {
			isa = PBXGroup;
			children = (
				D6D340352AC24EC200A87A73 /* BackOffice-iOS.app */,
				D6D340552AC24EC400A87A73 /* BackOffice-iOS-UI-Tests.xctest */,
				D6D340A52AC25DD500A87A73 /* BackOffice-macOS.app */,
				D6D340B82AC25DE600A87A73 /* BackOffice-macOSUITests.xctest */,
				D678ACCC2AC2BDDE007D82DB /* BackOffice-ipadOS.app */,
				D678ACE42AC2BDFE007D82DB /* BackOffice-ipadOSUITests.xctest */,
				D659B26D2AC2C02E0082E34B /* BackOffice-tvOS.app */,
				D659B2822AC2C03B0082E34B /* BackOffice-tvOSUITests.xctest */,
				D6BBD87F2AC2C150007800D8 /* BackOffice-watchOS Watch App.app */,
				D6BBD8912AC2C1D3007800D8 /* BackOffice-watchOS Watch AppUITests.xctest */,
			);
			name = Products;
			sourceTree = "<group>";
		};
		D6D340682AC24EFB00A87A73 /* apps */ = {
			isa = PBXGroup;
			children = (
				D6D3406A2AC24F1B00A87A73 /* main */,
				D6D3406B2AC24F2400A87A73 /* test */,
			);
			path = apps;
			sourceTree = "<group>";
		};
		D6D340692AC24F0000A87A73 /* src */ = {
			isa = PBXGroup;
			children = (
				D66924C42AC6B6B1009276F3 /* BackOffice */,
			);
			path = src;
			sourceTree = "<group>";
		};
		D6D3406A2AC24F1B00A87A73 /* main */ = {
			isa = PBXGroup;
			children = (
				D6D3407E2AC250E400A87A73 /* Backoffice */,
				D6D3406D2AC24F9300A87A73 /* Clients */,
				D6D3406C2AC24F3E00A87A73 /* resources */,
			);
			path = main;
			sourceTree = "<group>";
		};
		D6D3406B2AC24F2400A87A73 /* test */ = {
			isa = PBXGroup;
			children = (
				D6D340862AC2512600A87A73 /* Backoffice */,
				D6D3407D2AC250A400A87A73 /* resources */,
				D6D340752AC2504800A87A73 /* Clients */,
			);
			path = test;
			sourceTree = "<group>";
		};
		D6D3406C2AC24F3E00A87A73 /* resources */ = {
			isa = PBXGroup;
			children = (
			);
			path = resources;
			sourceTree = "<group>";
		};
		D6D3406D2AC24F9300A87A73 /* Clients */ = {
			isa = PBXGroup;
			children = (
				D6D3406F2AC2500C00A87A73 /* frontend */,
				D6D3406E2AC2500200A87A73 /* backend */,
			);
			path = Clients;
			sourceTree = "<group>";
		};
		D6D3406E2AC2500200A87A73 /* backend */ = {
			isa = PBXGroup;
			children = (
			);
			path = backend;
			sourceTree = "<group>";
		};
		D6D3406F2AC2500C00A87A73 /* frontend */ = {
			isa = PBXGroup;
			children = (
				D6D340742AC2503800A87A73 /* watchOS */,
				D6D340732AC2502C00A87A73 /* macOS */,
				D6D340722AC2502700A87A73 /* tvOS */,
				D6D340712AC2502000A87A73 /* ipadOS */,
				D6D340702AC2501300A87A73 /* iOS */,
			);
			path = frontend;
			sourceTree = "<group>";
		};
		D6D340702AC2501300A87A73 /* iOS */ = {
			isa = PBXGroup;
			children = (
			);
			path = iOS;
			sourceTree = "<group>";
		};
		D6D340712AC2502000A87A73 /* ipadOS */ = {
			isa = PBXGroup;
			children = (
			);
			path = ipadOS;
			sourceTree = "<group>";
		};
		D6D340722AC2502700A87A73 /* tvOS */ = {
			isa = PBXGroup;
			children = (
			);
			path = tvOS;
			sourceTree = "<group>";
		};
		D6D340732AC2502C00A87A73 /* macOS */ = {
			isa = PBXGroup;
			children = (
			);
			path = macOS;
			sourceTree = "<group>";
		};
		D6D340742AC2503800A87A73 /* watchOS */ = {
			isa = PBXGroup;
			children = (
			);
			path = watchOS;
			sourceTree = "<group>";
		};
		D6D340752AC2504800A87A73 /* Clients */ = {
			isa = PBXGroup;
			children = (
				D6D340762AC2504F00A87A73 /* frontend */,
				D6D340772AC2505700A87A73 /* backend */,
			);
			path = Clients;
			sourceTree = "<group>";
		};
		D6D340762AC2504F00A87A73 /* frontend */ = {
			isa = PBXGroup;
			children = (
				D6D3407C2AC2507F00A87A73 /* watchOS */,
				D6D3407B2AC2507800A87A73 /* macOS */,
				D6D3407A2AC2507100A87A73 /* tvOS */,
				D6D340792AC2506B00A87A73 /* ipadOS */,
				D6D340782AC2506600A87A73 /* iOS */,
			);
			path = frontend;
			sourceTree = "<group>";
		};
		D6D340772AC2505700A87A73 /* backend */ = {
			isa = PBXGroup;
			children = (
			);
			path = backend;
			sourceTree = "<group>";
		};
		D6D340782AC2506600A87A73 /* iOS */ = {
			isa = PBXGroup;
			children = (
			);
			path = iOS;
			sourceTree = "<group>";
		};
		D6D340792AC2506B00A87A73 /* ipadOS */ = {
			isa = PBXGroup;
			children = (
			);
			path = ipadOS;
			sourceTree = "<group>";
		};
		D6D3407A2AC2507100A87A73 /* tvOS */ = {
			isa = PBXGroup;
			children = (
			);
			path = tvOS;
			sourceTree = "<group>";
		};
		D6D3407B2AC2507800A87A73 /* macOS */ = {
			isa = PBXGroup;
			children = (
			);
			path = macOS;
			sourceTree = "<group>";
		};
		D6D3407C2AC2507F00A87A73 /* watchOS */ = {
			isa = PBXGroup;
			children = (
			);
			path = watchOS;
			sourceTree = "<group>";
		};
		D6D3407D2AC250A400A87A73 /* resources */ = {
			isa = PBXGroup;
			children = (
			);
			path = resources;
			sourceTree = "<group>";
		};
		D6D3407E2AC250E400A87A73 /* Backoffice */ = {
			isa = PBXGroup;
			children = (
				D6D340802AC250F500A87A73 /* frontend */,
				D6D3407F2AC250ED00A87A73 /* backend */,
			);
			path = Backoffice;
			sourceTree = "<group>";
		};
		D6D3407F2AC250ED00A87A73 /* backend */ = {
			isa = PBXGroup;
			children = (
			);
			path = backend;
			sourceTree = "<group>";
		};
		D6D340802AC250F500A87A73 /* frontend */ = {
			isa = PBXGroup;
			children = (
				D6D340852AC2511400A87A73 /* watchOS */,
				D6D340842AC2510D00A87A73 /* macOS */,
				D6D340832AC2510700A87A73 /* tvOS */,
				D6D340822AC2510200A87A73 /* ipadOS */,
				D6D340812AC250FE00A87A73 /* iOS */,
			);
			path = frontend;
			sourceTree = "<group>";
		};
		D6D340812AC250FE00A87A73 /* iOS */ = {
			isa = PBXGroup;
			children = (
				D6D340382AC24EC200A87A73 /* AppDelegate.swift */,
				D6D3403A2AC24EC200A87A73 /* SceneDelegate.swift */,
				D6D3403C2AC24EC200A87A73 /* ViewController.swift */,
				D6D3403E2AC24EC200A87A73 /* Main.storyboard */,
				D6D340412AC24EC300A87A73 /* Assets.xcassets */,
				D6D340432AC24EC300A87A73 /* LaunchScreen.storyboard */,
				D6D340462AC24EC300A87A73 /* Info.plist */,
			);
			path = iOS;
			sourceTree = "<group>";
		};
		D6D340822AC2510200A87A73 /* ipadOS */ = {
			isa = PBXGroup;
			children = (
				D678ACCE2AC2BDDE007D82DB /* AppDelegate.swift */,
				D678ACD02AC2BDDE007D82DB /* SceneDelegate.swift */,
				D678ACD22AC2BDDE007D82DB /* ViewController.swift */,
				D678ACD42AC2BDDE007D82DB /* Main.storyboard */,
				D678ACD72AC2BDE1007D82DB /* Assets.xcassets */,
				D678ACD92AC2BDE1007D82DB /* LaunchScreen.storyboard */,
				D678ACDC2AC2BDE1007D82DB /* Info.plist */,
			);
			path = ipadOS;
			sourceTree = "<group>";
		};
		D6D340832AC2510700A87A73 /* tvOS */ = {
			isa = PBXGroup;
			children = (
				D659B26F2AC2C02E0082E34B /* AppDelegate.swift */,
				D659B2712AC2C02E0082E34B /* ViewController.swift */,
				D659B2732AC2C02E0082E34B /* Main.storyboard */,
				D659B2762AC2C02F0082E34B /* Assets.xcassets */,
				D659B2782AC2C02F0082E34B /* LaunchScreen.storyboard */,
			);
			path = tvOS;
			sourceTree = "<group>";
		};
		D6D340842AC2510D00A87A73 /* macOS */ = {
			isa = PBXGroup;
			children = (
				D6D340A72AC25DD500A87A73 /* AppDelegate.swift */,
				D6D340A92AC25DD500A87A73 /* ViewController.swift */,
				D6D340AB2AC25DD600A87A73 /* Assets.xcassets */,
				D6D340AD2AC25DD600A87A73 /* Main.storyboard */,
				D6D340B02AC25DD600A87A73 /* BackOffice_macOS.entitlements */,
			);
			path = macOS;
			sourceTree = "<group>";
		};
		D6D340852AC2511400A87A73 /* watchOS */ = {
			isa = PBXGroup;
			children = (
				D6BBD8812AC2C150007800D8 /* BackOffice_watchOSApp.swift */,
				D6BBD8832AC2C150007800D8 /* ContentView.swift */,
				D6BBD8852AC2C152007800D8 /* Assets.xcassets */,
				D6BBD8872AC2C152007800D8 /* Preview Content */,
			);
			path = watchOS;
			sourceTree = "<group>";
		};
		D6D340862AC2512600A87A73 /* Backoffice */ = {
			isa = PBXGroup;
			children = (
				D6D340882AC2513400A87A73 /* frontend */,
				D6D340872AC2512F00A87A73 /* backend */,
			);
			path = Backoffice;
			sourceTree = "<group>";
		};
		D6D340872AC2512F00A87A73 /* backend */ = {
			isa = PBXGroup;
			children = (
			);
			path = backend;
			sourceTree = "<group>";
		};
		D6D340882AC2513400A87A73 /* frontend */ = {
			isa = PBXGroup;
			children = (
				D6D3408D2AC2515000A87A73 /* watchOS */,
				D6D3408C2AC2514900A87A73 /* macOS */,
				D6D3408B2AC2514400A87A73 /* tvOS */,
				D6D3408A2AC2513E00A87A73 /* ipadOS */,
				D6D340892AC2513A00A87A73 /* iOS */,
			);
			path = frontend;
			sourceTree = "<group>";
		};
		D6D340892AC2513A00A87A73 /* iOS */ = {
			isa = PBXGroup;
			children = (
				D6D340592AC24EC400A87A73 /* HexagonalArchitectureTemplateUITests.swift */,
				D6D3405B2AC24EC400A87A73 /* HexagonalArchitectureTemplateUITestsLaunchTests.swift */,
			);
			path = iOS;
			sourceTree = "<group>";
		};
		D6D3408A2AC2513E00A87A73 /* ipadOS */ = {
			isa = PBXGroup;
			children = (
				D678ACE62AC2BDFE007D82DB /* BackOffice_ipadOSUITests.swift */,
				D678ACE82AC2BDFE007D82DB /* BackOffice_ipadOSUITestsLaunchTests.swift */,
			);
			path = ipadOS;
			sourceTree = "<group>";
		};
		D6D3408B2AC2514400A87A73 /* tvOS */ = {
			isa = PBXGroup;
			children = (
				D659B2842AC2C03B0082E34B /* BackOffice_tvOSUITests.swift */,
				D659B2862AC2C03B0082E34B /* BackOffice_tvOSUITestsLaunchTests.swift */,
			);
			path = tvOS;
			sourceTree = "<group>";
		};
		D6D3408C2AC2514900A87A73 /* macOS */ = {
			isa = PBXGroup;
			children = (
				D6D340BA2AC25DE600A87A73 /* BackOffice_macOSUITests.swift */,
				D6D340BC2AC25DE600A87A73 /* BackOffice_macOSUITestsLaunchTests.swift */,
			);
			path = macOS;
			sourceTree = "<group>";
		};
		D6D3408D2AC2515000A87A73 /* watchOS */ = {
			isa = PBXGroup;
			children = (
				D6BBD8932AC2C1D3007800D8 /* BackOffice_watchOS_Watch_AppUITests.swift */,
				D6BBD8952AC2C1D3007800D8 /* BackOffice_watchOS_Watch_AppUITestsLaunchTests.swift */,
			);
			path = watchOS;
			sourceTree = "<group>";
		};
/* End PBXGroup section */

/* Begin PBXNativeTarget section */
		D659B26C2AC2C02E0082E34B /* BackOffice-tvOS */ = {
			isa = PBXNativeTarget;
			buildConfigurationList = D659B27D2AC2C02F0082E34B /* Build configuration list for PBXNativeTarget "BackOffice-tvOS" */;
			buildPhases = (
				D659B2692AC2C02E0082E34B /* Sources */,
				D659B26A2AC2C02E0082E34B /* Frameworks */,
				D659B26B2AC2C02E0082E34B /* Resources */,
			);
			buildRules = (
			);
			dependencies = (
			);
			name = "BackOffice-tvOS";
			productName = "BackOffice-tvOS";
			productReference = D659B26D2AC2C02E0082E34B /* BackOffice-tvOS.app */;
			productType = "com.apple.product-type.application";
		};
		D659B2812AC2C03B0082E34B /* BackOffice-tvOSUITests */ = {
			isa = PBXNativeTarget;
			buildConfigurationList = D659B28A2AC2C03B0082E34B /* Build configuration list for PBXNativeTarget "BackOffice-tvOSUITests" */;
			buildPhases = (
				D659B27E2AC2C03B0082E34B /* Sources */,
				D659B27F2AC2C03B0082E34B /* Frameworks */,
				D659B2802AC2C03B0082E34B /* Resources */,
			);
			buildRules = (
			);
			dependencies = (
				D659B2892AC2C03B0082E34B /* PBXTargetDependency */,
			);
			name = "BackOffice-tvOSUITests";
			productName = "BackOffice-tvOSUITests";
			productReference = D659B2822AC2C03B0082E34B /* BackOffice-tvOSUITests.xctest */;
			productType = "com.apple.product-type.bundle.ui-testing";
		};
		D678ACCB2AC2BDDE007D82DB /* BackOffice-ipadOS */ = {
			isa = PBXNativeTarget;
			buildConfigurationList = D678ACDF2AC2BDE1007D82DB /* Build configuration list for PBXNativeTarget "BackOffice-ipadOS" */;
			buildPhases = (
				D678ACC82AC2BDDE007D82DB /* Sources */,
				D678ACC92AC2BDDE007D82DB /* Frameworks */,
				D678ACCA2AC2BDDE007D82DB /* Resources */,
			);
			buildRules = (
			);
			dependencies = (
			);
			name = "BackOffice-ipadOS";
			productName = "BackOffice-ipadOS";
			productReference = D678ACCC2AC2BDDE007D82DB /* BackOffice-ipadOS.app */;
			productType = "com.apple.product-type.application";
		};
		D678ACE32AC2BDFE007D82DB /* BackOffice-ipadOSUITests */ = {
			isa = PBXNativeTarget;
			buildConfigurationList = D678ACEC2AC2BDFF007D82DB /* Build configuration list for PBXNativeTarget "BackOffice-ipadOSUITests" */;
			buildPhases = (
				D678ACE02AC2BDFE007D82DB /* Sources */,
				D678ACE12AC2BDFE007D82DB /* Frameworks */,
				D678ACE22AC2BDFE007D82DB /* Resources */,
			);
			buildRules = (
			);
			dependencies = (
				D678ACEB2AC2BDFE007D82DB /* PBXTargetDependency */,
			);
			name = "BackOffice-ipadOSUITests";
			productName = "BackOffice-ipadOSUITests";
			productReference = D678ACE42AC2BDFE007D82DB /* BackOffice-ipadOSUITests.xctest */;
			productType = "com.apple.product-type.bundle.ui-testing";
		};
		D6BBD87E2AC2C150007800D8 /* BackOffice-watchOS Watch App */ = {
			isa = PBXNativeTarget;
			buildConfigurationList = D6BBD88C2AC2C152007800D8 /* Build configuration list for PBXNativeTarget "BackOffice-watchOS Watch App" */;
			buildPhases = (
				D6BBD87B2AC2C150007800D8 /* Sources */,
				D6BBD87C2AC2C150007800D8 /* Frameworks */,
				D6BBD87D2AC2C150007800D8 /* Resources */,
			);
			buildRules = (
			);
			dependencies = (
			);
			name = "BackOffice-watchOS Watch App";
			productName = "BackOffice-watchOS Watch App";
			productReference = D6BBD87F2AC2C150007800D8 /* BackOffice-watchOS Watch App.app */;
			productType = "com.apple.product-type.application";
		};
		D6BBD8902AC2C1D3007800D8 /* BackOffice-watchOS Watch AppUITests */ = {
			isa = PBXNativeTarget;
			buildConfigurationList = D6BBD8992AC2C1D3007800D8 /* Build configuration list for PBXNativeTarget "BackOffice-watchOS Watch AppUITests" */;
			buildPhases = (
				D6BBD88D2AC2C1D3007800D8 /* Sources */,
				D6BBD88E2AC2C1D3007800D8 /* Frameworks */,
				D6BBD88F2AC2C1D3007800D8 /* Resources */,
			);
			buildRules = (
			);
			dependencies = (
				D6BBD8982AC2C1D3007800D8 /* PBXTargetDependency */,
			);
			name = "BackOffice-watchOS Watch AppUITests";
			productName = "BackOffice-watchOS Watch AppUITests";
			productReference = D6BBD8912AC2C1D3007800D8 /* BackOffice-watchOS Watch AppUITests.xctest */;
			productType = "com.apple.product-type.bundle.ui-testing";
		};
		D6D340342AC24EC200A87A73 /* BackOffice-iOS */ = {
			isa = PBXNativeTarget;
			buildConfigurationList = D6D3405F2AC24EC400A87A73 /* Build configuration list for PBXNativeTarget "BackOffice-iOS" */;
			buildPhases = (
				D6D340312AC24EC200A87A73 /* Sources */,
				D6D340322AC24EC200A87A73 /* Frameworks */,
				D6D340332AC24EC200A87A73 /* Resources */,
			);
			buildRules = (
			);
			dependencies = (
				D66924C62AC6B7E7009276F3 /* PBXTargetDependency */,
			);
			name = "BackOffice-iOS";
			packageProductDependencies = (
				D66924C82AC6B7F0009276F3 /* BackOffice */,
			);
			productName = HexagonalArchitectureTemplate;
			productReference = D6D340352AC24EC200A87A73 /* BackOffice-iOS.app */;
			productType = "com.apple.product-type.application";
		};
		D6D340542AC24EC400A87A73 /* BackOffice-iOS-UI-Tests */ = {
			isa = PBXNativeTarget;
			buildConfigurationList = D6D340652AC24EC400A87A73 /* Build configuration list for PBXNativeTarget "BackOffice-iOS-UI-Tests" */;
			buildPhases = (
				D6D340512AC24EC400A87A73 /* Sources */,
				D6D340522AC24EC400A87A73 /* Frameworks */,
				D6D340532AC24EC400A87A73 /* Resources */,
			);
			buildRules = (
			);
			dependencies = (
				D6D340A02AC25AD400A87A73 /* PBXTargetDependency */,
			);
			name = "BackOffice-iOS-UI-Tests";
			productName = HexagonalArchitectureTemplateUITests;
			productReference = D6D340552AC24EC400A87A73 /* BackOffice-iOS-UI-Tests.xctest */;
			productType = "com.apple.product-type.bundle.ui-testing";
		};
		D6D340A42AC25DD500A87A73 /* BackOffice-macOS */ = {
			isa = PBXNativeTarget;
			buildConfigurationList = D6D340B12AC25DD600A87A73 /* Build configuration list for PBXNativeTarget "BackOffice-macOS" */;
			buildPhases = (
				D6D340A12AC25DD500A87A73 /* Sources */,
				D6D340A22AC25DD500A87A73 /* Frameworks */,
				D6D340A32AC25DD500A87A73 /* Resources */,
			);
			buildRules = (
			);
			dependencies = (
			);
			name = "BackOffice-macOS";
			productName = "BackOffice-macOS";
			productReference = D6D340A52AC25DD500A87A73 /* BackOffice-macOS.app */;
			productType = "com.apple.product-type.application";
		};
		D6D340B72AC25DE600A87A73 /* BackOffice-macOSUITests */ = {
			isa = PBXNativeTarget;
			buildConfigurationList = D6D340C02AC25DE600A87A73 /* Build configuration list for PBXNativeTarget "BackOffice-macOSUITests" */;
			buildPhases = (
				D6D340B42AC25DE600A87A73 /* Sources */,
				D6D340B52AC25DE600A87A73 /* Frameworks */,
				D6D340B62AC25DE600A87A73 /* Resources */,
			);
			buildRules = (
			);
			dependencies = (
				D6D340BF2AC25DE600A87A73 /* PBXTargetDependency */,
			);
			name = "BackOffice-macOSUITests";
			productName = "BackOffice-macOSUITests";
			productReference = D6D340B82AC25DE600A87A73 /* BackOffice-macOSUITests.xctest */;
			productType = "com.apple.product-type.bundle.ui-testing";
		};
/* End PBXNativeTarget section */

/* Begin PBXProject section */
		D6D3402D2AC24EC200A87A73 /* Project object */ = {
			isa = PBXProject;
			attributes = {
				BuildIndependentTargetsInParallel = 1;
				LastSwiftUpdateCheck = 1420;
				LastUpgradeCheck = 1420;
				TargetAttributes = {
					D659B26C2AC2C02E0082E34B = {
						CreatedOnToolsVersion = 14.2;
					};
					D659B2812AC2C03B0082E34B = {
						CreatedOnToolsVersion = 14.2;
						TestTargetID = D659B26C2AC2C02E0082E34B;
					};
					D678ACCB2AC2BDDE007D82DB = {
						CreatedOnToolsVersion = 14.2;
					};
					D678ACE32AC2BDFE007D82DB = {
						CreatedOnToolsVersion = 14.2;
						TestTargetID = D678ACCB2AC2BDDE007D82DB;
					};
					D6BBD87E2AC2C150007800D8 = {
						CreatedOnToolsVersion = 14.2;
					};
					D6BBD8902AC2C1D3007800D8 = {
						CreatedOnToolsVersion = 14.2;
						TestTargetID = D6BBD87E2AC2C150007800D8;
					};
					D6D340342AC24EC200A87A73 = {
						CreatedOnToolsVersion = 14.2;
					};
					D6D340542AC24EC400A87A73 = {
						CreatedOnToolsVersion = 14.2;
						TestTargetID = D6D340342AC24EC200A87A73;
					};
					D6D340A42AC25DD500A87A73 = {
						CreatedOnToolsVersion = 14.2;
					};
					D6D340B72AC25DE600A87A73 = {
						CreatedOnToolsVersion = 14.2;
						TestTargetID = D6D340A42AC25DD500A87A73;
					};
				};
			};
			buildConfigurationList = D6D340302AC24EC200A87A73 /* Build configuration list for PBXProject "HexagonalArchitectureTemplate" */;
			compatibilityVersion = "Xcode 14.0";
			developmentRegion = en;
			hasScannedForEncodings = 0;
			knownRegions = (
				en,
				Base,
			);
			mainGroup = D6D3402C2AC24EC200A87A73;
			productRefGroup = D6D340362AC24EC200A87A73 /* Products */;
			projectDirPath = "";
			projectRoot = "";
			targets = (
				D6D340342AC24EC200A87A73 /* BackOffice-iOS */,
				D6D340542AC24EC400A87A73 /* BackOffice-iOS-UI-Tests */,
				D6D340A42AC25DD500A87A73 /* BackOffice-macOS */,
				D6D340B72AC25DE600A87A73 /* BackOffice-macOSUITests */,
				D678ACCB2AC2BDDE007D82DB /* BackOffice-ipadOS */,
				D678ACE32AC2BDFE007D82DB /* BackOffice-ipadOSUITests */,
				D659B26C2AC2C02E0082E34B /* BackOffice-tvOS */,
				D659B2812AC2C03B0082E34B /* BackOffice-tvOSUITests */,
				D6BBD87E2AC2C150007800D8 /* BackOffice-watchOS Watch App */,
				D6BBD8902AC2C1D3007800D8 /* BackOffice-watchOS Watch AppUITests */,
			);
		};
/* End PBXProject section */

/* Begin PBXResourcesBuildPhase section */
		D659B26B2AC2C02E0082E34B /* Resources */ = {
			isa = PBXResourcesBuildPhase;
			buildActionMask = 2147483647;
			files = (
				D659B27A2AC2C02F0082E34B /* LaunchScreen.storyboard in Resources */,
				D659B2772AC2C02F0082E34B /* Assets.xcassets in Resources */,
				D659B2752AC2C02E0082E34B /* Main.storyboard in Resources */,
			);
			runOnlyForDeploymentPostprocessing = 0;
		};
		D659B2802AC2C03B0082E34B /* Resources */ = {
			isa = PBXResourcesBuildPhase;
			buildActionMask = 2147483647;
			files = (
			);
			runOnlyForDeploymentPostprocessing = 0;
		};
		D678ACCA2AC2BDDE007D82DB /* Resources */ = {
			isa = PBXResourcesBuildPhase;
			buildActionMask = 2147483647;
			files = (
				D678ACDB2AC2BDE1007D82DB /* LaunchScreen.storyboard in Resources */,
				D678ACD82AC2BDE1007D82DB /* Assets.xcassets in Resources */,
				D678ACD62AC2BDDE007D82DB /* Main.storyboard in Resources */,
			);
			runOnlyForDeploymentPostprocessing = 0;
		};
		D678ACE22AC2BDFE007D82DB /* Resources */ = {
			isa = PBXResourcesBuildPhase;
			buildActionMask = 2147483647;
			files = (
			);
			runOnlyForDeploymentPostprocessing = 0;
		};
		D6BBD87D2AC2C150007800D8 /* Resources */ = {
			isa = PBXResourcesBuildPhase;
			buildActionMask = 2147483647;
			files = (
				D6BBD8892AC2C152007800D8 /* Preview Assets.xcassets in Resources */,
				D6BBD8862AC2C152007800D8 /* Assets.xcassets in Resources */,
			);
			runOnlyForDeploymentPostprocessing = 0;
		};
		D6BBD88F2AC2C1D3007800D8 /* Resources */ = {
			isa = PBXResourcesBuildPhase;
			buildActionMask = 2147483647;
			files = (
			);
			runOnlyForDeploymentPostprocessing = 0;
		};
		D6D340332AC24EC200A87A73 /* Resources */ = {
			isa = PBXResourcesBuildPhase;
			buildActionMask = 2147483647;
			files = (
				D6D340452AC24EC300A87A73 /* LaunchScreen.storyboard in Resources */,
				D6D340422AC24EC300A87A73 /* Assets.xcassets in Resources */,
				D6D340402AC24EC200A87A73 /* Main.storyboard in Resources */,
			);
			runOnlyForDeploymentPostprocessing = 0;
		};
		D6D340532AC24EC400A87A73 /* Resources */ = {
			isa = PBXResourcesBuildPhase;
			buildActionMask = 2147483647;
			files = (
			);
			runOnlyForDeploymentPostprocessing = 0;
		};
		D6D340A32AC25DD500A87A73 /* Resources */ = {
			isa = PBXResourcesBuildPhase;
			buildActionMask = 2147483647;
			files = (
				D6D340AC2AC25DD600A87A73 /* Assets.xcassets in Resources */,
				D6D340AF2AC25DD600A87A73 /* Main.storyboard in Resources */,
			);
			runOnlyForDeploymentPostprocessing = 0;
		};
		D6D340B62AC25DE600A87A73 /* Resources */ = {
			isa = PBXResourcesBuildPhase;
			buildActionMask = 2147483647;
			files = (
			);
			runOnlyForDeploymentPostprocessing = 0;
		};
/* End PBXResourcesBuildPhase section */

/* Begin PBXSourcesBuildPhase section */
		D659B2692AC2C02E0082E34B /* Sources */ = {
			isa = PBXSourcesBuildPhase;
			buildActionMask = 2147483647;
			files = (
				D659B2722AC2C02E0082E34B /* ViewController.swift in Sources */,
				D659B2702AC2C02E0082E34B /* AppDelegate.swift in Sources */,
			);
			runOnlyForDeploymentPostprocessing = 0;
		};
		D659B27E2AC2C03B0082E34B /* Sources */ = {
			isa = PBXSourcesBuildPhase;
			buildActionMask = 2147483647;
			files = (
				D659B2852AC2C03B0082E34B /* BackOffice_tvOSUITests.swift in Sources */,
				D659B2872AC2C03B0082E34B /* BackOffice_tvOSUITestsLaunchTests.swift in Sources */,
			);
			runOnlyForDeploymentPostprocessing = 0;
		};
		D678ACC82AC2BDDE007D82DB /* Sources */ = {
			isa = PBXSourcesBuildPhase;
			buildActionMask = 2147483647;
			files = (
				D678ACD32AC2BDDE007D82DB /* ViewController.swift in Sources */,
				D678ACCF2AC2BDDE007D82DB /* AppDelegate.swift in Sources */,
				D678ACD12AC2BDDE007D82DB /* SceneDelegate.swift in Sources */,
			);
			runOnlyForDeploymentPostprocessing = 0;
		};
		D678ACE02AC2BDFE007D82DB /* Sources */ = {
			isa = PBXSourcesBuildPhase;
			buildActionMask = 2147483647;
			files = (
				D678ACE72AC2BDFE007D82DB /* BackOffice_ipadOSUITests.swift in Sources */,
				D678ACE92AC2BDFE007D82DB /* BackOffice_ipadOSUITestsLaunchTests.swift in Sources */,
			);
			runOnlyForDeploymentPostprocessing = 0;
		};
		D6BBD87B2AC2C150007800D8 /* Sources */ = {
			isa = PBXSourcesBuildPhase;
			buildActionMask = 2147483647;
			files = (
				D6BBD8842AC2C150007800D8 /* ContentView.swift in Sources */,
				D6BBD8822AC2C150007800D8 /* BackOffice_watchOSApp.swift in Sources */,
			);
			runOnlyForDeploymentPostprocessing = 0;
		};
		D6BBD88D2AC2C1D3007800D8 /* Sources */ = {
			isa = PBXSourcesBuildPhase;
			buildActionMask = 2147483647;
			files = (
				D6BBD8942AC2C1D3007800D8 /* BackOffice_watchOS_Watch_AppUITests.swift in Sources */,
				D6BBD8962AC2C1D3007800D8 /* BackOffice_watchOS_Watch_AppUITestsLaunchTests.swift in Sources */,
			);
			runOnlyForDeploymentPostprocessing = 0;
		};
		D6D340312AC24EC200A87A73 /* Sources */ = {
			isa = PBXSourcesBuildPhase;
			buildActionMask = 2147483647;
			files = (
				D6D3403D2AC24EC200A87A73 /* ViewController.swift in Sources */,
				D6D340392AC24EC200A87A73 /* AppDelegate.swift in Sources */,
				D6D3403B2AC24EC200A87A73 /* SceneDelegate.swift in Sources */,
			);
			runOnlyForDeploymentPostprocessing = 0;
		};
		D6D340512AC24EC400A87A73 /* Sources */ = {
			isa = PBXSourcesBuildPhase;
			buildActionMask = 2147483647;
			files = (
				D6D3409B2AC256A700A87A73 /* HexagonalArchitectureTemplateUITests.swift in Sources */,
				D6D3409C2AC256AB00A87A73 /* HexagonalArchitectureTemplateUITestsLaunchTests.swift in Sources */,
			);
			runOnlyForDeploymentPostprocessing = 0;
		};
		D6D340A12AC25DD500A87A73 /* Sources */ = {
			isa = PBXSourcesBuildPhase;
			buildActionMask = 2147483647;
			files = (
				D6D340AA2AC25DD500A87A73 /* ViewController.swift in Sources */,
				D6D340A82AC25DD500A87A73 /* AppDelegate.swift in Sources */,
			);
			runOnlyForDeploymentPostprocessing = 0;
		};
		D6D340B42AC25DE600A87A73 /* Sources */ = {
			isa = PBXSourcesBuildPhase;
			buildActionMask = 2147483647;
			files = (
				D6D340BB2AC25DE600A87A73 /* BackOffice_macOSUITests.swift in Sources */,
				D6D340BD2AC25DE600A87A73 /* BackOffice_macOSUITestsLaunchTests.swift in Sources */,
			);
			runOnlyForDeploymentPostprocessing = 0;
		};
/* End PBXSourcesBuildPhase section */

/* Begin PBXTargetDependency section */
		D659B2892AC2C03B0082E34B /* PBXTargetDependency */ = {
			isa = PBXTargetDependency;
			target = D659B26C2AC2C02E0082E34B /* BackOffice-tvOS */;
			targetProxy = D659B2882AC2C03B0082E34B /* PBXContainerItemProxy */;
		};
		D66924C62AC6B7E7009276F3 /* PBXTargetDependency */ = {
			isa = PBXTargetDependency;
			productRef = D66924C52AC6B7E7009276F3 /* BackOffice */;
		};
		D678ACEB2AC2BDFE007D82DB /* PBXTargetDependency */ = {
			isa = PBXTargetDependency;
			target = D678ACCB2AC2BDDE007D82DB /* BackOffice-ipadOS */;
			targetProxy = D678ACEA2AC2BDFE007D82DB /* PBXContainerItemProxy */;
		};
		D6BBD8982AC2C1D3007800D8 /* PBXTargetDependency */ = {
			isa = PBXTargetDependency;
			target = D6BBD87E2AC2C150007800D8 /* BackOffice-watchOS Watch App */;
			targetProxy = D6BBD8972AC2C1D3007800D8 /* PBXContainerItemProxy */;
		};
		D6D340A02AC25AD400A87A73 /* PBXTargetDependency */ = {
			isa = PBXTargetDependency;
			target = D6D340342AC24EC200A87A73 /* BackOffice-iOS */;
			targetProxy = D6D3409F2AC25AD400A87A73 /* PBXContainerItemProxy */;
		};
		D6D340BF2AC25DE600A87A73 /* PBXTargetDependency */ = {
			isa = PBXTargetDependency;
			target = D6D340A42AC25DD500A87A73 /* BackOffice-macOS */;
			targetProxy = D6D340BE2AC25DE600A87A73 /* PBXContainerItemProxy */;
		};
/* End PBXTargetDependency section */

/* Begin PBXVariantGroup section */
		D659B2732AC2C02E0082E34B /* Main.storyboard */ = {
			isa = PBXVariantGroup;
			children = (
				D659B2742AC2C02E0082E34B /* Base */,
			);
			name = Main.storyboard;
			sourceTree = "<group>";
		};
		D659B2782AC2C02F0082E34B /* LaunchScreen.storyboard */ = {
			isa = PBXVariantGroup;
			children = (
				D659B2792AC2C02F0082E34B /* Base */,
			);
			name = LaunchScreen.storyboard;
			sourceTree = "<group>";
		};
		D678ACD42AC2BDDE007D82DB /* Main.storyboard */ = {
			isa = PBXVariantGroup;
			children = (
				D678ACD52AC2BDDE007D82DB /* Base */,
			);
			name = Main.storyboard;
			sourceTree = "<group>";
		};
		D678ACD92AC2BDE1007D82DB /* LaunchScreen.storyboard */ = {
			isa = PBXVariantGroup;
			children = (
				D678ACDA2AC2BDE1007D82DB /* Base */,
			);
			name = LaunchScreen.storyboard;
			sourceTree = "<group>";
		};
		D6D3403E2AC24EC200A87A73 /* Main.storyboard */ = {
			isa = PBXVariantGroup;
			children = (
				D6D3403F2AC24EC200A87A73 /* Base */,
			);
			name = Main.storyboard;
			sourceTree = "<group>";
		};
		D6D340432AC24EC300A87A73 /* LaunchScreen.storyboard */ = {
			isa = PBXVariantGroup;
			children = (
				D6D340442AC24EC300A87A73 /* Base */,
			);
			name = LaunchScreen.storyboard;
			sourceTree = "<group>";
		};
		D6D340AD2AC25DD600A87A73 /* Main.storyboard */ = {
			isa = PBXVariantGroup;
			children = (
				D6D340AE2AC25DD600A87A73 /* Base */,
			);
			name = Main.storyboard;
			sourceTree = "<group>";
		};
/* End PBXVariantGroup section */

/* Begin XCBuildConfiguration section */
		D659B27B2AC2C02F0082E34B /* Debug */ = {
			isa = XCBuildConfiguration;
			buildSettings = {
				ASSETCATALOG_COMPILER_APPICON_NAME = "App Icon & Top Shelf Image";
				ASSETCATALOG_COMPILER_GLOBAL_ACCENT_COLOR_NAME = AccentColor;
				CODE_SIGN_STYLE = Automatic;
				CURRENT_PROJECT_VERSION = 1;
				DEVELOPMENT_TEAM = APSMCMUQ5X;
				GENERATE_INFOPLIST_FILE = YES;
				INFOPLIST_KEY_UILaunchStoryboardName = LaunchScreen;
				INFOPLIST_KEY_UIMainStoryboardFile = Main;
				INFOPLIST_KEY_UIUserInterfaceStyle = Automatic;
				LD_RUNPATH_SEARCH_PATHS = (
					"$(inherited)",
					"@executable_path/Frameworks",
				);
				MARKETING_VERSION = 1.0;
				PRODUCT_BUNDLE_IDENTIFIER = "default.BackOffice-tvOS";
				PRODUCT_NAME = "$(TARGET_NAME)";
				SDKROOT = appletvos;
				SWIFT_EMIT_LOC_STRINGS = YES;
				SWIFT_VERSION = 5.0;
				TARGETED_DEVICE_FAMILY = 3;
				TVOS_DEPLOYMENT_TARGET = 16.1;
			};
			name = Debug;
		};
		D659B27C2AC2C02F0082E34B /* Release */ = {
			isa = XCBuildConfiguration;
			buildSettings = {
				ASSETCATALOG_COMPILER_APPICON_NAME = "App Icon & Top Shelf Image";
				ASSETCATALOG_COMPILER_GLOBAL_ACCENT_COLOR_NAME = AccentColor;
				CODE_SIGN_STYLE = Automatic;
				CURRENT_PROJECT_VERSION = 1;
				DEVELOPMENT_TEAM = APSMCMUQ5X;
				GENERATE_INFOPLIST_FILE = YES;
				INFOPLIST_KEY_UILaunchStoryboardName = LaunchScreen;
				INFOPLIST_KEY_UIMainStoryboardFile = Main;
				INFOPLIST_KEY_UIUserInterfaceStyle = Automatic;
				LD_RUNPATH_SEARCH_PATHS = (
					"$(inherited)",
					"@executable_path/Frameworks",
				);
				MARKETING_VERSION = 1.0;
				PRODUCT_BUNDLE_IDENTIFIER = "default.BackOffice-tvOS";
				PRODUCT_NAME = "$(TARGET_NAME)";
				SDKROOT = appletvos;
				SWIFT_EMIT_LOC_STRINGS = YES;
				SWIFT_VERSION = 5.0;
				TARGETED_DEVICE_FAMILY = 3;
				TVOS_DEPLOYMENT_TARGET = 16.1;
			};
			name = Release;
		};
		D659B28B2AC2C03B0082E34B /* Debug */ = {
			isa = XCBuildConfiguration;
			buildSettings = {
				CODE_SIGN_STYLE = Automatic;
				CURRENT_PROJECT_VERSION = 1;
				DEVELOPMENT_TEAM = APSMCMUQ5X;
				GENERATE_INFOPLIST_FILE = YES;
				MARKETING_VERSION = 1.0;
				PRODUCT_BUNDLE_IDENTIFIER = "default.BackOffice-tvOSUITests";
				PRODUCT_NAME = "$(TARGET_NAME)";
				SDKROOT = appletvos;
				SWIFT_EMIT_LOC_STRINGS = NO;
				SWIFT_VERSION = 5.0;
				TARGETED_DEVICE_FAMILY = 3;
				TEST_TARGET_NAME = "BackOffice-tvOS";
				TVOS_DEPLOYMENT_TARGET = 16.1;
			};
			name = Debug;
		};
		D659B28C2AC2C03B0082E34B /* Release */ = {
			isa = XCBuildConfiguration;
			buildSettings = {
				CODE_SIGN_STYLE = Automatic;
				CURRENT_PROJECT_VERSION = 1;
				DEVELOPMENT_TEAM = APSMCMUQ5X;
				GENERATE_INFOPLIST_FILE = YES;
				MARKETING_VERSION = 1.0;
				PRODUCT_BUNDLE_IDENTIFIER = "default.BackOffice-tvOSUITests";
				PRODUCT_NAME = "$(TARGET_NAME)";
				SDKROOT = appletvos;
				SWIFT_EMIT_LOC_STRINGS = NO;
				SWIFT_VERSION = 5.0;
				TARGETED_DEVICE_FAMILY = 3;
				TEST_TARGET_NAME = "BackOffice-tvOS";
				TVOS_DEPLOYMENT_TARGET = 16.1;
			};
			name = Release;
		};
		D678ACDD2AC2BDE1007D82DB /* Debug */ = {
			isa = XCBuildConfiguration;
			buildSettings = {
				ASSETCATALOG_COMPILER_APPICON_NAME = AppIcon;
				ASSETCATALOG_COMPILER_GLOBAL_ACCENT_COLOR_NAME = AccentColor;
				CODE_SIGN_STYLE = Automatic;
				CURRENT_PROJECT_VERSION = 1;
				DEVELOPMENT_TEAM = APSMCMUQ5X;
				GENERATE_INFOPLIST_FILE = YES;
				INFOPLIST_FILE = apps/main/Backoffice/frontend/ipadOS/Info.plist;
				INFOPLIST_KEY_UIApplicationSupportsIndirectInputEvents = YES;
				INFOPLIST_KEY_UILaunchStoryboardName = LaunchScreen;
				INFOPLIST_KEY_UIMainStoryboardFile = Main;
				INFOPLIST_KEY_UISupportedInterfaceOrientations_iPad = "UIInterfaceOrientationPortrait UIInterfaceOrientationPortraitUpsideDown UIInterfaceOrientationLandscapeLeft UIInterfaceOrientationLandscapeRight";
				INFOPLIST_KEY_UISupportedInterfaceOrientations_iPhone = "UIInterfaceOrientationPortrait UIInterfaceOrientationLandscapeLeft UIInterfaceOrientationLandscapeRight";
				LD_RUNPATH_SEARCH_PATHS = (
					"$(inherited)",
					"@executable_path/Frameworks",
				);
				MARKETING_VERSION = 1.0;
				PRODUCT_BUNDLE_IDENTIFIER = "default.BackOffice-ipadOS";
				PRODUCT_NAME = "$(TARGET_NAME)";
				SUPPORTED_PLATFORMS = "iphoneos iphonesimulator";
				SUPPORTS_MACCATALYST = NO;
				SUPPORTS_MAC_DESIGNED_FOR_IPHONE_IPAD = NO;
				SWIFT_EMIT_LOC_STRINGS = YES;
				SWIFT_VERSION = 5.0;
				TARGETED_DEVICE_FAMILY = 2;
			};
			name = Debug;
		};
		D678ACDE2AC2BDE1007D82DB /* Release */ = {
			isa = XCBuildConfiguration;
			buildSettings = {
				ASSETCATALOG_COMPILER_APPICON_NAME = AppIcon;
				ASSETCATALOG_COMPILER_GLOBAL_ACCENT_COLOR_NAME = AccentColor;
				CODE_SIGN_STYLE = Automatic;
				CURRENT_PROJECT_VERSION = 1;
				DEVELOPMENT_TEAM = APSMCMUQ5X;
				GENERATE_INFOPLIST_FILE = YES;
				INFOPLIST_FILE = apps/main/Backoffice/frontend/ipadOS/Info.plist;
				INFOPLIST_KEY_UIApplicationSupportsIndirectInputEvents = YES;
				INFOPLIST_KEY_UILaunchStoryboardName = LaunchScreen;
				INFOPLIST_KEY_UIMainStoryboardFile = Main;
				INFOPLIST_KEY_UISupportedInterfaceOrientations_iPad = "UIInterfaceOrientationPortrait UIInterfaceOrientationPortraitUpsideDown UIInterfaceOrientationLandscapeLeft UIInterfaceOrientationLandscapeRight";
				INFOPLIST_KEY_UISupportedInterfaceOrientations_iPhone = "UIInterfaceOrientationPortrait UIInterfaceOrientationLandscapeLeft UIInterfaceOrientationLandscapeRight";
				LD_RUNPATH_SEARCH_PATHS = (
					"$(inherited)",
					"@executable_path/Frameworks",
				);
				MARKETING_VERSION = 1.0;
				PRODUCT_BUNDLE_IDENTIFIER = "default.BackOffice-ipadOS";
				PRODUCT_NAME = "$(TARGET_NAME)";
				SUPPORTED_PLATFORMS = "iphoneos iphonesimulator";
				SUPPORTS_MACCATALYST = NO;
				SUPPORTS_MAC_DESIGNED_FOR_IPHONE_IPAD = NO;
				SWIFT_EMIT_LOC_STRINGS = YES;
				SWIFT_VERSION = 5.0;
				TARGETED_DEVICE_FAMILY = 2;
			};
			name = Release;
		};
		D678ACED2AC2BDFF007D82DB /* Debug */ = {
			isa = XCBuildConfiguration;
			buildSettings = {
				CODE_SIGN_STYLE = Automatic;
				CURRENT_PROJECT_VERSION = 1;
				DEVELOPMENT_TEAM = APSMCMUQ5X;
				GENERATE_INFOPLIST_FILE = YES;
				MARKETING_VERSION = 1.0;
				PRODUCT_BUNDLE_IDENTIFIER = "default.BackOffice-ipadOSUITests";
				PRODUCT_NAME = "$(TARGET_NAME)";
				SUPPORTED_PLATFORMS = "iphoneos iphonesimulator";
				SUPPORTS_MACCATALYST = NO;
				SUPPORTS_MAC_DESIGNED_FOR_IPHONE_IPAD = NO;
				SWIFT_EMIT_LOC_STRINGS = NO;
				SWIFT_VERSION = 5.0;
				TARGETED_DEVICE_FAMILY = 2;
				TEST_TARGET_NAME = "BackOffice-ipadOS";
			};
			name = Debug;
		};
		D678ACEE2AC2BDFF007D82DB /* Release */ = {
			isa = XCBuildConfiguration;
			buildSettings = {
				CODE_SIGN_STYLE = Automatic;
				CURRENT_PROJECT_VERSION = 1;
				DEVELOPMENT_TEAM = APSMCMUQ5X;
				GENERATE_INFOPLIST_FILE = YES;
				MARKETING_VERSION = 1.0;
				PRODUCT_BUNDLE_IDENTIFIER = "default.BackOffice-ipadOSUITests";
				PRODUCT_NAME = "$(TARGET_NAME)";
				SUPPORTED_PLATFORMS = "iphoneos iphonesimulator";
				SUPPORTS_MACCATALYST = NO;
				SUPPORTS_MAC_DESIGNED_FOR_IPHONE_IPAD = NO;
				SWIFT_EMIT_LOC_STRINGS = NO;
				SWIFT_VERSION = 5.0;
				TARGETED_DEVICE_FAMILY = 2;
				TEST_TARGET_NAME = "BackOffice-ipadOS";
			};
			name = Release;
		};
		D6BBD88A2AC2C152007800D8 /* Debug */ = {
			isa = XCBuildConfiguration;
			buildSettings = {
				ASSETCATALOG_COMPILER_APPICON_NAME = AppIcon;
				ASSETCATALOG_COMPILER_GLOBAL_ACCENT_COLOR_NAME = AccentColor;
				CODE_SIGN_STYLE = Automatic;
				CURRENT_PROJECT_VERSION = 1;
				DEVELOPMENT_ASSET_PATHS = "\"apps/main/Backoffice/frontend/watchOS/Preview Content\"";
				DEVELOPMENT_TEAM = APSMCMUQ5X;
				ENABLE_PREVIEWS = YES;
				GENERATE_INFOPLIST_FILE = YES;
				INFOPLIST_KEY_CFBundleDisplayName = "BackOffice-watchOS";
				INFOPLIST_KEY_UISupportedInterfaceOrientations = "UIInterfaceOrientationPortrait UIInterfaceOrientationPortraitUpsideDown";
				INFOPLIST_KEY_WKCompanionAppBundleIdentifier = "";
				LD_RUNPATH_SEARCH_PATHS = (
					"$(inherited)",
					"@executable_path/Frameworks",
				);
				MARKETING_VERSION = 1.0;
				PRODUCT_BUNDLE_IDENTIFIER = .watchkitapp;
				PRODUCT_NAME = "$(TARGET_NAME)";
				SDKROOT = watchos;
				SKIP_INSTALL = YES;
				SWIFT_EMIT_LOC_STRINGS = YES;
				SWIFT_VERSION = 5.0;
				TARGETED_DEVICE_FAMILY = 4;
				WATCHOS_DEPLOYMENT_TARGET = 9.1;
			};
			name = Debug;
		};
		D6BBD88B2AC2C152007800D8 /* Release */ = {
			isa = XCBuildConfiguration;
			buildSettings = {
				ASSETCATALOG_COMPILER_APPICON_NAME = AppIcon;
				ASSETCATALOG_COMPILER_GLOBAL_ACCENT_COLOR_NAME = AccentColor;
				CODE_SIGN_STYLE = Automatic;
				CURRENT_PROJECT_VERSION = 1;
				DEVELOPMENT_ASSET_PATHS = "\"apps/main/Backoffice/frontend/watchOS/Preview Content\"";
				DEVELOPMENT_TEAM = APSMCMUQ5X;
				ENABLE_PREVIEWS = YES;
				GENERATE_INFOPLIST_FILE = YES;
				INFOPLIST_KEY_CFBundleDisplayName = "BackOffice-watchOS";
				INFOPLIST_KEY_UISupportedInterfaceOrientations = "UIInterfaceOrientationPortrait UIInterfaceOrientationPortraitUpsideDown";
				INFOPLIST_KEY_WKCompanionAppBundleIdentifier = "";
				LD_RUNPATH_SEARCH_PATHS = (
					"$(inherited)",
					"@executable_path/Frameworks",
				);
				MARKETING_VERSION = 1.0;
				PRODUCT_BUNDLE_IDENTIFIER = .watchkitapp;
				PRODUCT_NAME = "$(TARGET_NAME)";
				SDKROOT = watchos;
				SKIP_INSTALL = YES;
				SWIFT_EMIT_LOC_STRINGS = YES;
				SWIFT_VERSION = 5.0;
				TARGETED_DEVICE_FAMILY = 4;
				WATCHOS_DEPLOYMENT_TARGET = 9.1;
			};
			name = Release;
		};
		D6BBD89A2AC2C1D3007800D8 /* Debug */ = {
			isa = XCBuildConfiguration;
			buildSettings = {
				CODE_SIGN_STYLE = Automatic;
				CURRENT_PROJECT_VERSION = 1;
				DEVELOPMENT_TEAM = APSMCMUQ5X;
				GENERATE_INFOPLIST_FILE = YES;
				MARKETING_VERSION = 1.0;
				PRODUCT_BUNDLE_IDENTIFIER = "default.BackOffice-watchOS-Watch-AppUITests";
				PRODUCT_NAME = "$(TARGET_NAME)";
				SDKROOT = watchos;
				SWIFT_EMIT_LOC_STRINGS = NO;
				SWIFT_VERSION = 5.0;
				TARGETED_DEVICE_FAMILY = 4;
				TEST_TARGET_NAME = "BackOffice-watchOS Watch App";
				WATCHOS_DEPLOYMENT_TARGET = 9.1;
			};
			name = Debug;
		};
		D6BBD89B2AC2C1D3007800D8 /* Release */ = {
			isa = XCBuildConfiguration;
			buildSettings = {
				CODE_SIGN_STYLE = Automatic;
				CURRENT_PROJECT_VERSION = 1;
				DEVELOPMENT_TEAM = APSMCMUQ5X;
				GENERATE_INFOPLIST_FILE = YES;
				MARKETING_VERSION = 1.0;
				PRODUCT_BUNDLE_IDENTIFIER = "default.BackOffice-watchOS-Watch-AppUITests";
				PRODUCT_NAME = "$(TARGET_NAME)";
				SDKROOT = watchos;
				SWIFT_EMIT_LOC_STRINGS = NO;
				SWIFT_VERSION = 5.0;
				TARGETED_DEVICE_FAMILY = 4;
				TEST_TARGET_NAME = "BackOffice-watchOS Watch App";
				WATCHOS_DEPLOYMENT_TARGET = 9.1;
			};
			name = Release;
		};
		D6D3405D2AC24EC400A87A73 /* Debug */ = {
			isa = XCBuildConfiguration;
			buildSettings = {
				ALWAYS_SEARCH_USER_PATHS = NO;
				CLANG_ANALYZER_NONNULL = YES;
				CLANG_ANALYZER_NUMBER_OBJECT_CONVERSION = YES_AGGRESSIVE;
				CLANG_CXX_LANGUAGE_STANDARD = "gnu++20";
				CLANG_ENABLE_MODULES = YES;
				CLANG_ENABLE_OBJC_ARC = YES;
				CLANG_ENABLE_OBJC_WEAK = YES;
				CLANG_WARN_BLOCK_CAPTURE_AUTORELEASING = YES;
				CLANG_WARN_BOOL_CONVERSION = YES;
				CLANG_WARN_COMMA = YES;
				CLANG_WARN_CONSTANT_CONVERSION = YES;
				CLANG_WARN_DEPRECATED_OBJC_IMPLEMENTATIONS = YES;
				CLANG_WARN_DIRECT_OBJC_ISA_USAGE = YES_ERROR;
				CLANG_WARN_DOCUMENTATION_COMMENTS = YES;
				CLANG_WARN_EMPTY_BODY = YES;
				CLANG_WARN_ENUM_CONVERSION = YES;
				CLANG_WARN_INFINITE_RECURSION = YES;
				CLANG_WARN_INT_CONVERSION = YES;
				CLANG_WARN_NON_LITERAL_NULL_CONVERSION = YES;
				CLANG_WARN_OBJC_IMPLICIT_RETAIN_SELF = YES;
				CLANG_WARN_OBJC_LITERAL_CONVERSION = YES;
				CLANG_WARN_OBJC_ROOT_CLASS = YES_ERROR;
				CLANG_WARN_QUOTED_INCLUDE_IN_FRAMEWORK_HEADER = YES;
				CLANG_WARN_RANGE_LOOP_ANALYSIS = YES;
				CLANG_WARN_STRICT_PROTOTYPES = YES;
				CLANG_WARN_SUSPICIOUS_MOVE = YES;
				CLANG_WARN_UNGUARDED_AVAILABILITY = YES_AGGRESSIVE;
				CLANG_WARN_UNREACHABLE_CODE = YES;
				CLANG_WARN__DUPLICATE_METHOD_MATCH = YES;
				COPY_PHASE_STRIP = NO;
				DEBUG_INFORMATION_FORMAT = dwarf;
				ENABLE_STRICT_OBJC_MSGSEND = YES;
				ENABLE_TESTABILITY = YES;
				GCC_C_LANGUAGE_STANDARD = gnu11;
				GCC_DYNAMIC_NO_PIC = NO;
				GCC_NO_COMMON_BLOCKS = YES;
				GCC_OPTIMIZATION_LEVEL = 0;
				GCC_PREPROCESSOR_DEFINITIONS = (
					"DEBUG=1",
					"$(inherited)",
				);
				GCC_WARN_64_TO_32_BIT_CONVERSION = YES;
				GCC_WARN_ABOUT_RETURN_TYPE = YES_ERROR;
				GCC_WARN_UNDECLARED_SELECTOR = YES;
				GCC_WARN_UNINITIALIZED_AUTOS = YES_AGGRESSIVE;
				GCC_WARN_UNUSED_FUNCTION = YES;
				GCC_WARN_UNUSED_VARIABLE = YES;
				IPHONEOS_DEPLOYMENT_TARGET = 16.2;
				MTL_ENABLE_DEBUG_INFO = INCLUDE_SOURCE;
				MTL_FAST_MATH = YES;
				ONLY_ACTIVE_ARCH = YES;
				SDKROOT = iphoneos;
				SWIFT_ACTIVE_COMPILATION_CONDITIONS = DEBUG;
				SWIFT_OPTIMIZATION_LEVEL = "-Onone";
			};
			name = Debug;
		};
		D6D3405E2AC24EC400A87A73 /* Release */ = {
			isa = XCBuildConfiguration;
			buildSettings = {
				ALWAYS_SEARCH_USER_PATHS = NO;
				CLANG_ANALYZER_NONNULL = YES;
				CLANG_ANALYZER_NUMBER_OBJECT_CONVERSION = YES_AGGRESSIVE;
				CLANG_CXX_LANGUAGE_STANDARD = "gnu++20";
				CLANG_ENABLE_MODULES = YES;
				CLANG_ENABLE_OBJC_ARC = YES;
				CLANG_ENABLE_OBJC_WEAK = YES;
				CLANG_WARN_BLOCK_CAPTURE_AUTORELEASING = YES;
				CLANG_WARN_BOOL_CONVERSION = YES;
				CLANG_WARN_COMMA = YES;
				CLANG_WARN_CONSTANT_CONVERSION = YES;
				CLANG_WARN_DEPRECATED_OBJC_IMPLEMENTATIONS = YES;
				CLANG_WARN_DIRECT_OBJC_ISA_USAGE = YES_ERROR;
				CLANG_WARN_DOCUMENTATION_COMMENTS = YES;
				CLANG_WARN_EMPTY_BODY = YES;
				CLANG_WARN_ENUM_CONVERSION = YES;
				CLANG_WARN_INFINITE_RECURSION = YES;
				CLANG_WARN_INT_CONVERSION = YES;
				CLANG_WARN_NON_LITERAL_NULL_CONVERSION = YES;
				CLANG_WARN_OBJC_IMPLICIT_RETAIN_SELF = YES;
				CLANG_WARN_OBJC_LITERAL_CONVERSION = YES;
				CLANG_WARN_OBJC_ROOT_CLASS = YES_ERROR;
				CLANG_WARN_QUOTED_INCLUDE_IN_FRAMEWORK_HEADER = YES;
				CLANG_WARN_RANGE_LOOP_ANALYSIS = YES;
				CLANG_WARN_STRICT_PROTOTYPES = YES;
				CLANG_WARN_SUSPICIOUS_MOVE = YES;
				CLANG_WARN_UNGUARDED_AVAILABILITY = YES_AGGRESSIVE;
				CLANG_WARN_UNREACHABLE_CODE = YES;
				CLANG_WARN__DUPLICATE_METHOD_MATCH = YES;
				COPY_PHASE_STRIP = NO;
				DEBUG_INFORMATION_FORMAT = "dwarf-with-dsym";
				ENABLE_NS_ASSERTIONS = NO;
				ENABLE_STRICT_OBJC_MSGSEND = YES;
				GCC_C_LANGUAGE_STANDARD = gnu11;
				GCC_NO_COMMON_BLOCKS = YES;
				GCC_WARN_64_TO_32_BIT_CONVERSION = YES;
				GCC_WARN_ABOUT_RETURN_TYPE = YES_ERROR;
				GCC_WARN_UNDECLARED_SELECTOR = YES;
				GCC_WARN_UNINITIALIZED_AUTOS = YES_AGGRESSIVE;
				GCC_WARN_UNUSED_FUNCTION = YES;
				GCC_WARN_UNUSED_VARIABLE = YES;
				IPHONEOS_DEPLOYMENT_TARGET = 16.2;
				MTL_ENABLE_DEBUG_INFO = NO;
				MTL_FAST_MATH = YES;
				SDKROOT = iphoneos;
				SWIFT_COMPILATION_MODE = wholemodule;
				SWIFT_OPTIMIZATION_LEVEL = "-O";
				VALIDATE_PRODUCT = YES;
			};
			name = Release;
		};
		D6D340602AC24EC400A87A73 /* Debug */ = {
			isa = XCBuildConfiguration;
			buildSettings = {
				ASSETCATALOG_COMPILER_APPICON_NAME = AppIcon;
				ASSETCATALOG_COMPILER_GLOBAL_ACCENT_COLOR_NAME = AccentColor;
				CODE_SIGN_STYLE = Automatic;
				CURRENT_PROJECT_VERSION = 1;
				DEVELOPMENT_TEAM = APSMCMUQ5X;
				GENERATE_INFOPLIST_FILE = YES;
				INFOPLIST_FILE = apps/main/Backoffice/frontend/iOS/Info.plist;
				INFOPLIST_KEY_UIApplicationSupportsIndirectInputEvents = YES;
				INFOPLIST_KEY_UILaunchStoryboardName = LaunchScreen;
				INFOPLIST_KEY_UIMainStoryboardFile = Main;
				INFOPLIST_KEY_UISupportedInterfaceOrientations_iPad = "UIInterfaceOrientationPortrait UIInterfaceOrientationPortraitUpsideDown UIInterfaceOrientationLandscapeLeft UIInterfaceOrientationLandscapeRight";
				INFOPLIST_KEY_UISupportedInterfaceOrientations_iPhone = "UIInterfaceOrientationPortrait UIInterfaceOrientationLandscapeLeft UIInterfaceOrientationLandscapeRight";
				LD_RUNPATH_SEARCH_PATHS = (
					"$(inherited)",
					"@executable_path/Frameworks",
				);
				MARKETING_VERSION = 1.0;
				PRODUCT_BUNDLE_IDENTIFIER = "default.BackOffice-iOS";
				PRODUCT_NAME = "$(TARGET_NAME)";
				SUPPORTED_PLATFORMS = "iphoneos iphonesimulator";
				SUPPORTS_MACCATALYST = NO;
				SUPPORTS_MAC_DESIGNED_FOR_IPHONE_IPAD = NO;
				SWIFT_EMIT_LOC_STRINGS = YES;
				SWIFT_VERSION = 5.0;
				TARGETED_DEVICE_FAMILY = 1;
			};
			name = Debug;
		};
		D6D340612AC24EC400A87A73 /* Release */ = {
			isa = XCBuildConfiguration;
			buildSettings = {
				ASSETCATALOG_COMPILER_APPICON_NAME = AppIcon;
				ASSETCATALOG_COMPILER_GLOBAL_ACCENT_COLOR_NAME = AccentColor;
				CODE_SIGN_STYLE = Automatic;
				CURRENT_PROJECT_VERSION = 1;
				DEVELOPMENT_TEAM = APSMCMUQ5X;
				GENERATE_INFOPLIST_FILE = YES;
				INFOPLIST_FILE = apps/main/Backoffice/frontend/iOS/Info.plist;
				INFOPLIST_KEY_UIApplicationSupportsIndirectInputEvents = YES;
				INFOPLIST_KEY_UILaunchStoryboardName = LaunchScreen;
				INFOPLIST_KEY_UIMainStoryboardFile = Main;
				INFOPLIST_KEY_UISupportedInterfaceOrientations_iPad = "UIInterfaceOrientationPortrait UIInterfaceOrientationPortraitUpsideDown UIInterfaceOrientationLandscapeLeft UIInterfaceOrientationLandscapeRight";
				INFOPLIST_KEY_UISupportedInterfaceOrientations_iPhone = "UIInterfaceOrientationPortrait UIInterfaceOrientationLandscapeLeft UIInterfaceOrientationLandscapeRight";
				LD_RUNPATH_SEARCH_PATHS = (
					"$(inherited)",
					"@executable_path/Frameworks",
				);
				MARKETING_VERSION = 1.0;
				PRODUCT_BUNDLE_IDENTIFIER = "default.BackOffice-iOS";
				PRODUCT_NAME = "$(TARGET_NAME)";
				SUPPORTED_PLATFORMS = "iphoneos iphonesimulator";
				SUPPORTS_MACCATALYST = NO;
				SUPPORTS_MAC_DESIGNED_FOR_IPHONE_IPAD = NO;
				SWIFT_EMIT_LOC_STRINGS = YES;
				SWIFT_VERSION = 5.0;
				TARGETED_DEVICE_FAMILY = 1;
			};
			name = Release;
		};
		D6D340662AC24EC400A87A73 /* Debug */ = {
			isa = XCBuildConfiguration;
			buildSettings = {
				ALWAYS_EMBED_SWIFT_STANDARD_LIBRARIES = YES;
				CODE_SIGN_STYLE = Automatic;
				CURRENT_PROJECT_VERSION = 1;
				DEVELOPMENT_TEAM = APSMCMUQ5X;
				GENERATE_INFOPLIST_FILE = YES;
				MARKETING_VERSION = 1.0;
				PRODUCT_BUNDLE_IDENTIFIER = "default.BackOffice-iOS-UI-Tests";
				PRODUCT_NAME = "$(TARGET_NAME)";
				SUPPORTED_PLATFORMS = "iphoneos iphonesimulator";
				SUPPORTS_MACCATALYST = NO;
				SUPPORTS_MAC_DESIGNED_FOR_IPHONE_IPAD = NO;
				SWIFT_EMIT_LOC_STRINGS = NO;
				SWIFT_VERSION = 5.0;
				TARGETED_DEVICE_FAMILY = 1;
				TEST_TARGET_NAME = "BackOffice-iOS";
			};
			name = Debug;
		};
		D6D340672AC24EC400A87A73 /* Release */ = {
			isa = XCBuildConfiguration;
			buildSettings = {
				ALWAYS_EMBED_SWIFT_STANDARD_LIBRARIES = YES;
				CODE_SIGN_STYLE = Automatic;
				CURRENT_PROJECT_VERSION = 1;
				DEVELOPMENT_TEAM = APSMCMUQ5X;
				GENERATE_INFOPLIST_FILE = YES;
				MARKETING_VERSION = 1.0;
				PRODUCT_BUNDLE_IDENTIFIER = "default.BackOffice-iOS-UI-Tests";
				PRODUCT_NAME = "$(TARGET_NAME)";
				SUPPORTED_PLATFORMS = "iphoneos iphonesimulator";
				SUPPORTS_MACCATALYST = NO;
				SUPPORTS_MAC_DESIGNED_FOR_IPHONE_IPAD = NO;
				SWIFT_EMIT_LOC_STRINGS = NO;
				SWIFT_VERSION = 5.0;
				TARGETED_DEVICE_FAMILY = 1;
				TEST_TARGET_NAME = "BackOffice-iOS";
			};
			name = Release;
		};
		D6D340B22AC25DD600A87A73 /* Debug */ = {
			isa = XCBuildConfiguration;
			buildSettings = {
				ASSETCATALOG_COMPILER_APPICON_NAME = AppIcon;
				ASSETCATALOG_COMPILER_GLOBAL_ACCENT_COLOR_NAME = AccentColor;
				CODE_SIGN_ENTITLEMENTS = apps/main/Backoffice/frontend/macOS/BackOffice_macOS.entitlements;
				CODE_SIGN_STYLE = Automatic;
				COMBINE_HIDPI_IMAGES = YES;
				CURRENT_PROJECT_VERSION = 1;
				DEVELOPMENT_TEAM = APSMCMUQ5X;
				ENABLE_HARDENED_RUNTIME = YES;
				GENERATE_INFOPLIST_FILE = YES;
				INFOPLIST_KEY_NSHumanReadableCopyright = "";
				INFOPLIST_KEY_NSMainStoryboardFile = Main;
				INFOPLIST_KEY_NSPrincipalClass = NSApplication;
				LD_RUNPATH_SEARCH_PATHS = (
					"$(inherited)",
					"@executable_path/../Frameworks",
				);
				MACOSX_DEPLOYMENT_TARGET = 13.1;
				MARKETING_VERSION = 1.0;
				PRODUCT_BUNDLE_IDENTIFIER = "default.BackOffice-macOS";
				PRODUCT_NAME = "$(TARGET_NAME)";
				SDKROOT = macosx;
				SWIFT_EMIT_LOC_STRINGS = YES;
				SWIFT_VERSION = 5.0;
			};
			name = Debug;
		};
		D6D340B32AC25DD600A87A73 /* Release */ = {
			isa = XCBuildConfiguration;
			buildSettings = {
				ASSETCATALOG_COMPILER_APPICON_NAME = AppIcon;
				ASSETCATALOG_COMPILER_GLOBAL_ACCENT_COLOR_NAME = AccentColor;
				CODE_SIGN_ENTITLEMENTS = apps/main/Backoffice/frontend/macOS/BackOffice_macOS.entitlements;
				CODE_SIGN_STYLE = Automatic;
				COMBINE_HIDPI_IMAGES = YES;
				CURRENT_PROJECT_VERSION = 1;
				DEVELOPMENT_TEAM = APSMCMUQ5X;
				ENABLE_HARDENED_RUNTIME = YES;
				GENERATE_INFOPLIST_FILE = YES;
				INFOPLIST_KEY_NSHumanReadableCopyright = "";
				INFOPLIST_KEY_NSMainStoryboardFile = Main;
				INFOPLIST_KEY_NSPrincipalClass = NSApplication;
				LD_RUNPATH_SEARCH_PATHS = (
					"$(inherited)",
					"@executable_path/../Frameworks",
				);
				MACOSX_DEPLOYMENT_TARGET = 13.1;
				MARKETING_VERSION = 1.0;
				PRODUCT_BUNDLE_IDENTIFIER = "default.BackOffice-macOS";
				PRODUCT_NAME = "$(TARGET_NAME)";
				SDKROOT = macosx;
				SWIFT_EMIT_LOC_STRINGS = YES;
				SWIFT_VERSION = 5.0;
			};
			name = Release;
		};
		D6D340C12AC25DE600A87A73 /* Debug */ = {
			isa = XCBuildConfiguration;
			buildSettings = {
				CODE_SIGN_STYLE = Automatic;
				CURRENT_PROJECT_VERSION = 1;
				DEVELOPMENT_TEAM = APSMCMUQ5X;
				GENERATE_INFOPLIST_FILE = YES;
				MACOSX_DEPLOYMENT_TARGET = 13.1;
				MARKETING_VERSION = 1.0;
				PRODUCT_BUNDLE_IDENTIFIER = "default.BackOffice-macOSUITests";
				PRODUCT_NAME = "$(TARGET_NAME)";
				SDKROOT = macosx;
				SWIFT_EMIT_LOC_STRINGS = NO;
				SWIFT_VERSION = 5.0;
				TEST_TARGET_NAME = "BackOffice-macOS";
			};
			name = Debug;
		};
		D6D340C22AC25DE600A87A73 /* Release */ = {
			isa = XCBuildConfiguration;
			buildSettings = {
				CODE_SIGN_STYLE = Automatic;
				CURRENT_PROJECT_VERSION = 1;
				DEVELOPMENT_TEAM = APSMCMUQ5X;
				GENERATE_INFOPLIST_FILE = YES;
				MACOSX_DEPLOYMENT_TARGET = 13.1;
				MARKETING_VERSION = 1.0;
				PRODUCT_BUNDLE_IDENTIFIER = "default.BackOffice-macOSUITests";
				PRODUCT_NAME = "$(TARGET_NAME)";
				SDKROOT = macosx;
				SWIFT_EMIT_LOC_STRINGS = NO;
				SWIFT_VERSION = 5.0;
				TEST_TARGET_NAME = "BackOffice-macOS";
			};
			name = Release;
		};
/* End XCBuildConfiguration section */

/* Begin XCConfigurationList section */
		D659B27D2AC2C02F0082E34B /* Build configuration list for PBXNativeTarget "BackOffice-tvOS" */ = {
			isa = XCConfigurationList;
			buildConfigurations = (
				D659B27B2AC2C02F0082E34B /* Debug */,
				D659B27C2AC2C02F0082E34B /* Release */,
			);
			defaultConfigurationIsVisible = 0;
			defaultConfigurationName = Release;
		};
		D659B28A2AC2C03B0082E34B /* Build configuration list for PBXNativeTarget "BackOffice-tvOSUITests" */ = {
			isa = XCConfigurationList;
			buildConfigurations = (
				D659B28B2AC2C03B0082E34B /* Debug */,
				D659B28C2AC2C03B0082E34B /* Release */,
			);
			defaultConfigurationIsVisible = 0;
			defaultConfigurationName = Release;
		};
		D678ACDF2AC2BDE1007D82DB /* Build configuration list for PBXNativeTarget "BackOffice-ipadOS" */ = {
			isa = XCConfigurationList;
			buildConfigurations = (
				D678ACDD2AC2BDE1007D82DB /* Debug */,
				D678ACDE2AC2BDE1007D82DB /* Release */,
			);
			defaultConfigurationIsVisible = 0;
			defaultConfigurationName = Release;
		};
		D678ACEC2AC2BDFF007D82DB /* Build configuration list for PBXNativeTarget "BackOffice-ipadOSUITests" */ = {
			isa = XCConfigurationList;
			buildConfigurations = (
				D678ACED2AC2BDFF007D82DB /* Debug */,
				D678ACEE2AC2BDFF007D82DB /* Release */,
			);
			defaultConfigurationIsVisible = 0;
			defaultConfigurationName = Release;
		};
		D6BBD88C2AC2C152007800D8 /* Build configuration list for PBXNativeTarget "BackOffice-watchOS Watch App" */ = {
			isa = XCConfigurationList;
			buildConfigurations = (
				D6BBD88A2AC2C152007800D8 /* Debug */,
				D6BBD88B2AC2C152007800D8 /* Release */,
			);
			defaultConfigurationIsVisible = 0;
			defaultConfigurationName = Release;
		};
		D6BBD8992AC2C1D3007800D8 /* Build configuration list for PBXNativeTarget "BackOffice-watchOS Watch AppUITests" */ = {
			isa = XCConfigurationList;
			buildConfigurations = (
				D6BBD89A2AC2C1D3007800D8 /* Debug */,
				D6BBD89B2AC2C1D3007800D8 /* Release */,
			);
			defaultConfigurationIsVisible = 0;
			defaultConfigurationName = Release;
		};
		D6D340302AC24EC200A87A73 /* Build configuration list for PBXProject "HexagonalArchitectureTemplate" */ = {
			isa = XCConfigurationList;
			buildConfigurations = (
				D6D3405D2AC24EC400A87A73 /* Debug */,
				D6D3405E2AC24EC400A87A73 /* Release */,
			);
			defaultConfigurationIsVisible = 0;
			defaultConfigurationName = Release;
		};
		D6D3405F2AC24EC400A87A73 /* Build configuration list for PBXNativeTarget "BackOffice-iOS" */ = {
			isa = XCConfigurationList;
			buildConfigurations = (
				D6D340602AC24EC400A87A73 /* Debug */,
				D6D340612AC24EC400A87A73 /* Release */,
			);
			defaultConfigurationIsVisible = 0;
			defaultConfigurationName = Release;
		};
		D6D340652AC24EC400A87A73 /* Build configuration list for PBXNativeTarget "BackOffice-iOS-UI-Tests" */ = {
			isa = XCConfigurationList;
			buildConfigurations = (
				D6D340662AC24EC400A87A73 /* Debug */,
				D6D340672AC24EC400A87A73 /* Release */,
			);
			defaultConfigurationIsVisible = 0;
			defaultConfigurationName = Release;
		};
		D6D340B12AC25DD600A87A73 /* Build configuration list for PBXNativeTarget "BackOffice-macOS" */ = {
			isa = XCConfigurationList;
			buildConfigurations = (
				D6D340B22AC25DD600A87A73 /* Debug */,
				D6D340B32AC25DD600A87A73 /* Release */,
			);
			defaultConfigurationIsVisible = 0;
			defaultConfigurationName = Release;
		};
		D6D340C02AC25DE600A87A73 /* Build configuration list for PBXNativeTarget "BackOffice-macOSUITests" */ = {
			isa = XCConfigurationList;
			buildConfigurations = (
				D6D340C12AC25DE600A87A73 /* Debug */,
				D6D340C22AC25DE600A87A73 /* Release */,
			);
			defaultConfigurationIsVisible = 0;
			defaultConfigurationName = Release;
		};
/* End XCConfigurationList section */

/* Begin XCSwiftPackageProductDependency section */
		D66924C52AC6B7E7009276F3 /* BackOffice */ = {
			isa = XCSwiftPackageProductDependency;
			productName = BackOffice;
		};
		D66924C82AC6B7F0009276F3 /* BackOffice */ = {
			isa = XCSwiftPackageProductDependency;
			productName = BackOffice;
		};
/* End XCSwiftPackageProductDependency section */
	};
	rootObject = D6D3402D2AC24EC200A87A73 /* Project object */;
}
